// !$*UTF8*$!
{
	archiveVersion = 1;
	classes = {
	};
	objectVersion = 56;
	objects = {

/* Begin PBXBuildFile section */
		7785D5493955C5CEFD9B3A63 /* Pods_TeamCraft.framework in Frameworks */ = {isa = PBXBuildFile; fileRef = BF590AC89079705AB96CD331 /* Pods_TeamCraft.framework */; };
		916CC2DB2A31804B00B3A786 /* TeamCraftApp.swift in Sources */ = {isa = PBXBuildFile; fileRef = 916CC2DA2A31804B00B3A786 /* TeamCraftApp.swift */; };
		916CC2DD2A31804B00B3A786 /* RegisterViewView.swift in Sources */ = {isa = PBXBuildFile; fileRef = 916CC2DC2A31804B00B3A786 /* RegisterViewView.swift */; };
		916CC2DF2A31804C00B3A786 /* Assets.xcassets in Resources */ = {isa = PBXBuildFile; fileRef = 916CC2DE2A31804C00B3A786 /* Assets.xcassets */; };
		916CC2E22A31804C00B3A786 /* Preview Assets.xcassets in Resources */ = {isa = PBXBuildFile; fileRef = 916CC2E12A31804C00B3A786 /* Preview Assets.xcassets */; };
		919007A02A318A0A002CD7B8 /* RegisterEmailView.swift in Sources */ = {isa = PBXBuildFile; fileRef = 9190079F2A318A0A002CD7B8 /* RegisterEmailView.swift */; };
		919007A12A318B22002CD7B8 /* GoogleService-Info.plist in Resources */ = {isa = PBXBuildFile; fileRef = 916CC2E82A3185F900B3A786 /* GoogleService-Info.plist */; };
		919007A32A31A58B002CD7B8 /* Account.swift in Sources */ = {isa = PBXBuildFile; fileRef = 919007A22A31A58B002CD7B8 /* Account.swift */; };
		919007A52A31AC5D002CD7B8 /* EmailVerificationView.swift in Sources */ = {isa = PBXBuildFile; fileRef = 919007A42A31AC5D002CD7B8 /* EmailVerificationView.swift */; };
		919007A82A31FC58002CD7B8 /* ContentView.swift in Sources */ = {isa = PBXBuildFile; fileRef = 919007A72A31FC58002CD7B8 /* ContentView.swift */; };
		919007AA2A31FC9B002CD7B8 /* RegisterUserNameView.swift in Sources */ = {isa = PBXBuildFile; fileRef = 919007A92A31FC9B002CD7B8 /* RegisterUserNameView.swift */; };
		919007AC2A31FE53002CD7B8 /* RegisterFinishView.swift in Sources */ = {isa = PBXBuildFile; fileRef = 919007AB2A31FE53002CD7B8 /* RegisterFinishView.swift */; };
		919007AE2A32002C002CD7B8 /* EmailVerificationFinishView.swift in Sources */ = {isa = PBXBuildFile; fileRef = 919007AD2A32002C002CD7B8 /* EmailVerificationFinishView.swift */; };
/* End PBXBuildFile section */

/* Begin PBXFileReference section */
		0433CC7FF912674C8BB829F2 /* Pods-TeamCraft.release.xcconfig */ = {isa = PBXFileReference; includeInIndex = 1; lastKnownFileType = text.xcconfig; name = "Pods-TeamCraft.release.xcconfig"; path = "Target Support Files/Pods-TeamCraft/Pods-TeamCraft.release.xcconfig"; sourceTree = "<group>"; };
		6F8BA07EA3CD418A2204BAFF /* Pods-TeamCraft.debug.xcconfig */ = {isa = PBXFileReference; includeInIndex = 1; lastKnownFileType = text.xcconfig; name = "Pods-TeamCraft.debug.xcconfig"; path = "Target Support Files/Pods-TeamCraft/Pods-TeamCraft.debug.xcconfig"; sourceTree = "<group>"; };
		916CC2D72A31804B00B3A786 /* TeamCraft.app */ = {isa = PBXFileReference; explicitFileType = wrapper.application; includeInIndex = 0; path = TeamCraft.app; sourceTree = BUILT_PRODUCTS_DIR; };
		916CC2DA2A31804B00B3A786 /* TeamCraftApp.swift */ = {isa = PBXFileReference; lastKnownFileType = sourcecode.swift; path = TeamCraftApp.swift; sourceTree = "<group>"; };
		916CC2DC2A31804B00B3A786 /* RegisterViewView.swift */ = {isa = PBXFileReference; lastKnownFileType = sourcecode.swift; path = RegisterViewView.swift; sourceTree = "<group>"; };
		916CC2DE2A31804C00B3A786 /* Assets.xcassets */ = {isa = PBXFileReference; lastKnownFileType = folder.assetcatalog; path = Assets.xcassets; sourceTree = "<group>"; };
		916CC2E12A31804C00B3A786 /* Preview Assets.xcassets */ = {isa = PBXFileReference; lastKnownFileType = folder.assetcatalog; path = "Preview Assets.xcassets"; sourceTree = "<group>"; };
		916CC2E82A3185F900B3A786 /* GoogleService-Info.plist */ = {isa = PBXFileReference; fileEncoding = 4; lastKnownFileType = text.plist.xml; path = "GoogleService-Info.plist"; sourceTree = "<group>"; };
		9190079F2A318A0A002CD7B8 /* RegisterEmailView.swift */ = {isa = PBXFileReference; lastKnownFileType = sourcecode.swift; path = RegisterEmailView.swift; sourceTree = "<group>"; };
		919007A22A31A58B002CD7B8 /* Account.swift */ = {isa = PBXFileReference; lastKnownFileType = sourcecode.swift; path = Account.swift; sourceTree = "<group>"; };
		919007A42A31AC5D002CD7B8 /* EmailVerificationView.swift */ = {isa = PBXFileReference; lastKnownFileType = sourcecode.swift; path = EmailVerificationView.swift; sourceTree = "<group>"; };
		919007A72A31FC58002CD7B8 /* ContentView.swift */ = {isa = PBXFileReference; lastKnownFileType = sourcecode.swift; path = ContentView.swift; sourceTree = "<group>"; };
		919007A92A31FC9B002CD7B8 /* RegisterUserNameView.swift */ = {isa = PBXFileReference; lastKnownFileType = sourcecode.swift; path = RegisterUserNameView.swift; sourceTree = "<group>"; };
		919007AB2A31FE53002CD7B8 /* RegisterFinishView.swift */ = {isa = PBXFileReference; lastKnownFileType = sourcecode.swift; path = RegisterFinishView.swift; sourceTree = "<group>"; };
		919007AD2A32002C002CD7B8 /* EmailVerificationFinishView.swift */ = {isa = PBXFileReference; lastKnownFileType = sourcecode.swift; path = EmailVerificationFinishView.swift; sourceTree = "<group>"; };
		BF590AC89079705AB96CD331 /* Pods_TeamCraft.framework */ = {isa = PBXFileReference; explicitFileType = wrapper.framework; includeInIndex = 0; path = Pods_TeamCraft.framework; sourceTree = BUILT_PRODUCTS_DIR; };
/* End PBXFileReference section */

/* Begin PBXFrameworksBuildPhase section */
		916CC2D42A31804B00B3A786 /* Frameworks */ = {
			isa = PBXFrameworksBuildPhase;
			buildActionMask = 2147483647;
			files = (
				7785D5493955C5CEFD9B3A63 /* Pods_TeamCraft.framework in Frameworks */,
			);
			runOnlyForDeploymentPostprocessing = 0;
		};
/* End PBXFrameworksBuildPhase section */

/* Begin PBXGroup section */
		362BED8DEEE47D13EFFD410D /* Frameworks */ = {
			isa = PBXGroup;
			children = (
				BF590AC89079705AB96CD331 /* Pods_TeamCraft.framework */,
			);
			name = Frameworks;
			sourceTree = "<group>";
		};
		8168B3ECD19D88A55382A2F5 /* Pods */ = {
			isa = PBXGroup;
			children = (
				6F8BA07EA3CD418A2204BAFF /* Pods-TeamCraft.debug.xcconfig */,
				0433CC7FF912674C8BB829F2 /* Pods-TeamCraft.release.xcconfig */,
			);
			path = Pods;
			sourceTree = "<group>";
		};
		916CC2CE2A31804B00B3A786 = {
			isa = PBXGroup;
			children = (
				916CC2D92A31804B00B3A786 /* TeamCraft */,
				916CC2D82A31804B00B3A786 /* Products */,
				8168B3ECD19D88A55382A2F5 /* Pods */,
				362BED8DEEE47D13EFFD410D /* Frameworks */,
			);
			sourceTree = "<group>";
		};
		916CC2D82A31804B00B3A786 /* Products */ = {
			isa = PBXGroup;
			children = (
				916CC2D72A31804B00B3A786 /* TeamCraft.app */,
			);
			name = Products;
			sourceTree = "<group>";
		};
		916CC2D92A31804B00B3A786 /* TeamCraft */ = {
			isa = PBXGroup;
			children = (
				916CC2DA2A31804B00B3A786 /* TeamCraftApp.swift */,
				919007A72A31FC58002CD7B8 /* ContentView.swift */,
				919007A62A31FBE3002CD7B8 /* Register */,
				919007A22A31A58B002CD7B8 /* Account.swift */,
				916CC2DE2A31804C00B3A786 /* Assets.xcassets */,
				916CC2E82A3185F900B3A786 /* GoogleService-Info.plist */,
				916CC2E02A31804C00B3A786 /* Preview Content */,
			);
			path = TeamCraft;
			sourceTree = "<group>";
		};
		916CC2E02A31804C00B3A786 /* Preview Content */ = {
			isa = PBXGroup;
			children = (
				916CC2E12A31804C00B3A786 /* Preview Assets.xcassets */,
			);
			path = "Preview Content";
			sourceTree = "<group>";
		};
		919007A62A31FBE3002CD7B8 /* Register */ = {
			isa = PBXGroup;
			children = (
				916CC2DC2A31804B00B3A786 /* RegisterViewView.swift */,
				9190079F2A318A0A002CD7B8 /* RegisterEmailView.swift */,
				919007A42A31AC5D002CD7B8 /* EmailVerificationView.swift */,
				919007AD2A32002C002CD7B8 /* EmailVerificationFinishView.swift */,
				919007A92A31FC9B002CD7B8 /* RegisterUserNameView.swift */,
				919007AB2A31FE53002CD7B8 /* RegisterFinishView.swift */,
			);
			path = Register;
			sourceTree = "<group>";
		};
/* End PBXGroup section */

/* Begin PBXNativeTarget section */
		916CC2D62A31804B00B3A786 /* TeamCraft */ = {
			isa = PBXNativeTarget;
			buildConfigurationList = 916CC2E52A31804C00B3A786 /* Build configuration list for PBXNativeTarget "TeamCraft" */;
			buildPhases = (
				9F848B8DA7AF3614E9D45409 /* [CP] Check Pods Manifest.lock */,
				916CC2D32A31804B00B3A786 /* Sources */,
				916CC2D42A31804B00B3A786 /* Frameworks */,
				916CC2D52A31804B00B3A786 /* Resources */,
				66BD0AF227CC8BCBD1091BC0 /* [CP] Embed Pods Frameworks */,
			);
			buildRules = (
			);
			dependencies = (
			);
			name = TeamCraft;
			productName = TeamCraft;
			productReference = 916CC2D72A31804B00B3A786 /* TeamCraft.app */;
			productType = "com.apple.product-type.application";
		};
/* End PBXNativeTarget section */

/* Begin PBXProject section */
		916CC2CF2A31804B00B3A786 /* Project object */ = {
			isa = PBXProject;
			attributes = {
				BuildIndependentTargetsInParallel = 1;
				LastSwiftUpdateCheck = 1430;
				LastUpgradeCheck = 1430;
				TargetAttributes = {
					916CC2D62A31804B00B3A786 = {
						CreatedOnToolsVersion = 14.3;
					};
				};
			};
			buildConfigurationList = 916CC2D22A31804B00B3A786 /* Build configuration list for PBXProject "TeamCraft" */;
			compatibilityVersion = "Xcode 14.0";
			developmentRegion = en;
			hasScannedForEncodings = 0;
			knownRegions = (
				en,
				Base,
			);
			mainGroup = 916CC2CE2A31804B00B3A786;
			productRefGroup = 916CC2D82A31804B00B3A786 /* Products */;
			projectDirPath = "";
			projectRoot = "";
			targets = (
				916CC2D62A31804B00B3A786 /* TeamCraft */,
			);
		};
/* End PBXProject section */

/* Begin PBXResourcesBuildPhase section */
		916CC2D52A31804B00B3A786 /* Resources */ = {
			isa = PBXResourcesBuildPhase;
			buildActionMask = 2147483647;
			files = (
				916CC2E22A31804C00B3A786 /* Preview Assets.xcassets in Resources */,
				916CC2DF2A31804C00B3A786 /* Assets.xcassets in Resources */,
				919007A12A318B22002CD7B8 /* GoogleService-Info.plist in Resources */,
			);
			runOnlyForDeploymentPostprocessing = 0;
		};
/* End PBXResourcesBuildPhase section */

/* Begin PBXShellScriptBuildPhase section */
		66BD0AF227CC8BCBD1091BC0 /* [CP] Embed Pods Frameworks */ = {
			isa = PBXShellScriptBuildPhase;
			buildActionMask = 2147483647;
			files = (
			);
			inputFileListPaths = (
				"${PODS_ROOT}/Target Support Files/Pods-TeamCraft/Pods-TeamCraft-frameworks-${CONFIGURATION}-input-files.xcfilelist",
			);
			name = "[CP] Embed Pods Frameworks";
			outputFileListPaths = (
				"${PODS_ROOT}/Target Support Files/Pods-TeamCraft/Pods-TeamCraft-frameworks-${CONFIGURATION}-output-files.xcfilelist",
			);
			runOnlyForDeploymentPostprocessing = 0;
			shellPath = /bin/sh;
			shellScript = "\"${PODS_ROOT}/Target Support Files/Pods-TeamCraft/Pods-TeamCraft-frameworks.sh\"\n";
			showEnvVarsInLog = 0;
		};
		9F848B8DA7AF3614E9D45409 /* [CP] Check Pods Manifest.lock */ = {
			isa = PBXShellScriptBuildPhase;
			buildActionMask = 2147483647;
			files = (
			);
			inputFileListPaths = (
			);
			inputPaths = (
				"${PODS_PODFILE_DIR_PATH}/Podfile.lock",
				"${PODS_ROOT}/Manifest.lock",
			);
			name = "[CP] Check Pods Manifest.lock";
			outputFileListPaths = (
			);
			outputPaths = (
				"$(DERIVED_FILE_DIR)/Pods-TeamCraft-checkManifestLockResult.txt",
			);
			runOnlyForDeploymentPostprocessing = 0;
			shellPath = /bin/sh;
			shellScript = "diff \"${PODS_PODFILE_DIR_PATH}/Podfile.lock\" \"${PODS_ROOT}/Manifest.lock\" > /dev/null\nif [ $? != 0 ] ; then\n    # print error to STDERR\n    echo \"error: The sandbox is not in sync with the Podfile.lock. Run 'pod install' or update your CocoaPods installation.\" >&2\n    exit 1\nfi\n# This output is used by Xcode 'outputs' to avoid re-running this script phase.\necho \"SUCCESS\" > \"${SCRIPT_OUTPUT_FILE_0}\"\n";
			showEnvVarsInLog = 0;
		};
/* End PBXShellScriptBuildPhase section */

/* Begin PBXSourcesBuildPhase section */
		916CC2D32A31804B00B3A786 /* Sources */ = {
			isa = PBXSourcesBuildPhase;
			buildActionMask = 2147483647;
			files = (
				919007AE2A32002C002CD7B8 /* EmailVerificationFinishView.swift in Sources */,
				919007A52A31AC5D002CD7B8 /* EmailVerificationView.swift in Sources */,
				919007A02A318A0A002CD7B8 /* RegisterEmailView.swift in Sources */,
				919007AA2A31FC9B002CD7B8 /* RegisterUserNameView.swift in Sources */,
				919007A82A31FC58002CD7B8 /* ContentView.swift in Sources */,
				919007AC2A31FE53002CD7B8 /* RegisterFinishView.swift in Sources */,
				919007A32A31A58B002CD7B8 /* Account.swift in Sources */,
				916CC2DD2A31804B00B3A786 /* RegisterViewView.swift in Sources */,
				916CC2DB2A31804B00B3A786 /* TeamCraftApp.swift in Sources */,
			);
			runOnlyForDeploymentPostprocessing = 0;
		};
/* End PBXSourcesBuildPhase section */

/* Begin XCBuildConfiguration section */
		916CC2E32A31804C00B3A786 /* Debug */ = {
			isa = XCBuildConfiguration;
			buildSettings = {
				ALWAYS_SEARCH_USER_PATHS = NO;
				CLANG_ANALYZER_NONNULL = YES;
				CLANG_ANALYZER_NUMBER_OBJECT_CONVERSION = YES_AGGRESSIVE;
				CLANG_CXX_LANGUAGE_STANDARD = "gnu++20";
				CLANG_ENABLE_MODULES = YES;
				CLANG_ENABLE_OBJC_ARC = YES;
				CLANG_ENABLE_OBJC_WEAK = YES;
				CLANG_WARN_BLOCK_CAPTURE_AUTORELEASING = YES;
				CLANG_WARN_BOOL_CONVERSION = YES;
				CLANG_WARN_COMMA = YES;
				CLANG_WARN_CONSTANT_CONVERSION = YES;
				CLANG_WARN_DEPRECATED_OBJC_IMPLEMENTATIONS = YES;
				CLANG_WARN_DIRECT_OBJC_ISA_USAGE = YES_ERROR;
				CLANG_WARN_DOCUMENTATION_COMMENTS = YES;
				CLANG_WARN_EMPTY_BODY = YES;
				CLANG_WARN_ENUM_CONVERSION = YES;
				CLANG_WARN_INFINITE_RECURSION = YES;
				CLANG_WARN_INT_CONVERSION = YES;
				CLANG_WARN_NON_LITERAL_NULL_CONVERSION = YES;
				CLANG_WARN_OBJC_IMPLICIT_RETAIN_SELF = YES;
				CLANG_WARN_OBJC_LITERAL_CONVERSION = YES;
				CLANG_WARN_OBJC_ROOT_CLASS = YES_ERROR;
				CLANG_WARN_QUOTED_INCLUDE_IN_FRAMEWORK_HEADER = YES;
				CLANG_WARN_RANGE_LOOP_ANALYSIS = YES;
				CLANG_WARN_STRICT_PROTOTYPES = YES;
				CLANG_WARN_SUSPICIOUS_MOVE = YES;
				CLANG_WARN_UNGUARDED_AVAILABILITY = YES_AGGRESSIVE;
				CLANG_WARN_UNREACHABLE_CODE = YES;
				CLANG_WARN__DUPLICATE_METHOD_MATCH = YES;
				COPY_PHASE_STRIP = NO;
				DEBUG_INFORMATION_FORMAT = dwarf;
				ENABLE_STRICT_OBJC_MSGSEND = YES;
				ENABLE_TESTABILITY = YES;
				GCC_C_LANGUAGE_STANDARD = gnu11;
				GCC_DYNAMIC_NO_PIC = NO;
				GCC_NO_COMMON_BLOCKS = YES;
				GCC_OPTIMIZATION_LEVEL = 0;
				GCC_PREPROCESSOR_DEFINITIONS = (
					"DEBUG=1",
					"$(inherited)",
				);
				GCC_WARN_64_TO_32_BIT_CONVERSION = YES;
				GCC_WARN_ABOUT_RETURN_TYPE = YES_ERROR;
				GCC_WARN_UNDECLARED_SELECTOR = YES;
				GCC_WARN_UNINITIALIZED_AUTOS = YES_AGGRESSIVE;
				GCC_WARN_UNUSED_FUNCTION = YES;
				GCC_WARN_UNUSED_VARIABLE = YES;
				IPHONEOS_DEPLOYMENT_TARGET = 16.4;
				MTL_ENABLE_DEBUG_INFO = INCLUDE_SOURCE;
				MTL_FAST_MATH = YES;
				ONLY_ACTIVE_ARCH = YES;
				SDKROOT = iphoneos;
				SWIFT_ACTIVE_COMPILATION_CONDITIONS = DEBUG;
				SWIFT_OPTIMIZATION_LEVEL = "-Onone";
			};
			name = Debug;
		};
		916CC2E42A31804C00B3A786 /* Release */ = {
			isa = XCBuildConfiguration;
			buildSettings = {
				ALWAYS_SEARCH_USER_PATHS = NO;
				CLANG_ANALYZER_NONNULL = YES;
				CLANG_ANALYZER_NUMBER_OBJECT_CONVERSION = YES_AGGRESSIVE;
				CLANG_CXX_LANGUAGE_STANDARD = "gnu++20";
				CLANG_ENABLE_MODULES = YES;
				CLANG_ENABLE_OBJC_ARC = YES;
				CLANG_ENABLE_OBJC_WEAK = YES;
				CLANG_WARN_BLOCK_CAPTURE_AUTORELEASING = YES;
				CLANG_WARN_BOOL_CONVERSION = YES;
				CLANG_WARN_COMMA = YES;
				CLANG_WARN_CONSTANT_CONVERSION = YES;
				CLANG_WARN_DEPRECATED_OBJC_IMPLEMENTATIONS = YES;
				CLANG_WARN_DIRECT_OBJC_ISA_USAGE = YES_ERROR;
				CLANG_WARN_DOCUMENTATION_COMMENTS = YES;
				CLANG_WARN_EMPTY_BODY = YES;
				CLANG_WARN_ENUM_CONVERSION = YES;
				CLANG_WARN_INFINITE_RECURSION = YES;
				CLANG_WARN_INT_CONVERSION = YES;
				CLANG_WARN_NON_LITERAL_NULL_CONVERSION = YES;
				CLANG_WARN_OBJC_IMPLICIT_RETAIN_SELF = YES;
				CLANG_WARN_OBJC_LITERAL_CONVERSION = YES;
				CLANG_WARN_OBJC_ROOT_CLASS = YES_ERROR;
				CLANG_WARN_QUOTED_INCLUDE_IN_FRAMEWORK_HEADER = YES;
				CLANG_WARN_RANGE_LOOP_ANALYSIS = YES;
				CLANG_WARN_STRICT_PROTOTYPES = YES;
				CLANG_WARN_SUSPICIOUS_MOVE = YES;
				CLANG_WARN_UNGUARDED_AVAILABILITY = YES_AGGRESSIVE;
				CLANG_WARN_UNREACHABLE_CODE = YES;
				CLANG_WARN__DUPLICATE_METHOD_MATCH = YES;
				COPY_PHASE_STRIP = NO;
				DEBUG_INFORMATION_FORMAT = "dwarf-with-dsym";
				ENABLE_NS_ASSERTIONS = NO;
				ENABLE_STRICT_OBJC_MSGSEND = YES;
				GCC_C_LANGUAGE_STANDARD = gnu11;
				GCC_NO_COMMON_BLOCKS = YES;
				GCC_WARN_64_TO_32_BIT_CONVERSION = YES;
				GCC_WARN_ABOUT_RETURN_TYPE = YES_ERROR;
				GCC_WARN_UNDECLARED_SELECTOR = YES;
				GCC_WARN_UNINITIALIZED_AUTOS = YES_AGGRESSIVE;
				GCC_WARN_UNUSED_FUNCTION = YES;
				GCC_WARN_UNUSED_VARIABLE = YES;
				IPHONEOS_DEPLOYMENT_TARGET = 16.4;
				MTL_ENABLE_DEBUG_INFO = NO;
				MTL_FAST_MATH = YES;
				SDKROOT = iphoneos;
				SWIFT_COMPILATION_MODE = wholemodule;
				SWIFT_OPTIMIZATION_LEVEL = "-O";
				VALIDATE_PRODUCT = YES;
			};
			name = Release;
		};
		916CC2E62A31804C00B3A786 /* Debug */ = {
			isa = XCBuildConfiguration;
			baseConfigurationReference = 6F8BA07EA3CD418A2204BAFF /* Pods-TeamCraft.debug.xcconfig */;
			buildSettings = {
				ASSETCATALOG_COMPILER_APPICON_NAME = AppIcon;
				ASSETCATALOG_COMPILER_GLOBAL_ACCENT_COLOR_NAME = AccentColor;
				CODE_SIGN_STYLE = Automatic;
				CURRENT_PROJECT_VERSION = 1;
				DEVELOPMENT_ASSET_PATHS = "\"TeamCraft/Preview Content\"";
				DEVELOPMENT_TEAM = X95VKDC284;
				ENABLE_PREVIEWS = YES;
				GENERATE_INFOPLIST_FILE = YES;
				INFOPLIST_KEY_UIApplicationSceneManifest_Generation = YES;
				INFOPLIST_KEY_UIApplicationSupportsIndirectInputEvents = YES;
				INFOPLIST_KEY_UILaunchScreen_Generation = YES;
				INFOPLIST_KEY_UISupportedInterfaceOrientations_iPad = "UIInterfaceOrientationPortrait UIInterfaceOrientationPortraitUpsideDown UIInterfaceOrientationLandscapeLeft UIInterfaceOrientationLandscapeRight";
				INFOPLIST_KEY_UISupportedInterfaceOrientations_iPhone = "UIInterfaceOrientationPortrait UIInterfaceOrientationLandscapeLeft UIInterfaceOrientationLandscapeRight";
				LD_RUNPATH_SEARCH_PATHS = (
					"$(inherited)",
					"@executable_path/Frameworks",
				);
				MARKETING_VERSION = 1.0;
				PRODUCT_BUNDLE_IDENTIFIER = Test.TeamCraft;
				PRODUCT_NAME = "$(TARGET_NAME)";
				SWIFT_EMIT_LOC_STRINGS = YES;
				SWIFT_VERSION = 5.0;
				TARGETED_DEVICE_FAMILY = "1,2";
			};
			name = Debug;
		};
		916CC2E72A31804C00B3A786 /* Release */ = {
			isa = XCBuildConfiguration;
			baseConfigurationReference = 0433CC7FF912674C8BB829F2 /* Pods-TeamCraft.release.xcconfig */;
			buildSettings = {
				ASSETCATALOG_COMPILER_APPICON_NAME = AppIcon;
				ASSETCATALOG_COMPILER_GLOBAL_ACCENT_COLOR_NAME = AccentColor;
				CODE_SIGN_STYLE = Automatic;
				CURRENT_PROJECT_VERSION = 1;
				DEVELOPMENT_ASSET_PATHS = "\"TeamCraft/Preview Content\"";
				DEVELOPMENT_TEAM = X95VKDC284;
				ENABLE_PREVIEWS = YES;
				GENERATE_INFOPLIST_FILE = YES;
				INFOPLIST_KEY_UIApplicationSceneManifest_Generation = YES;
				INFOPLIST_KEY_UIApplicationSupportsIndirectInputEvents = YES;
				INFOPLIST_KEY_UILaunchScreen_Generation = YES;
				INFOPLIST_KEY_UISupportedInterfaceOrientations_iPad = "UIInterfaceOrientationPortrait UIInterfaceOrientationPortraitUpsideDown UIInterfaceOrientationLandscapeLeft UIInterfaceOrientationLandscapeRight";
				INFOPLIST_KEY_UISupportedInterfaceOrientations_iPhone = "UIInterfaceOrientationPortrait UIInterfaceOrientationLandscapeLeft UIInterfaceOrientationLandscapeRight";
				LD_RUNPATH_SEARCH_PATHS = (
					"$(inherited)",
					"@executable_path/Frameworks",
				);
				MARKETING_VERSION = 1.0;
				PRODUCT_BUNDLE_IDENTIFIER = Test.TeamCraft;
				PRODUCT_NAME = "$(TARGET_NAME)";
				SWIFT_EMIT_LOC_STRINGS = YES;
				SWIFT_VERSION = 5.0;
				TARGETED_DEVICE_FAMILY = "1,2";
			};
			name = Release;
		};
/* End XCBuildConfiguration section */

/* Begin XCConfigurationList section */
		916CC2D22A31804B00B3A786 /* Build configuration list for PBXProject "TeamCraft" */ = {
			isa = XCConfigurationList;
			buildConfigurations = (
				916CC2E32A31804C00B3A786 /* Debug */,
				916CC2E42A31804C00B3A786 /* Release */,
			);
			defaultConfigurationIsVisible = 0;
			defaultConfigurationName = Release;
		};
		916CC2E52A31804C00B3A786 /* Build configuration list for PBXNativeTarget "TeamCraft" */ = {
			isa = XCConfigurationList;
			buildConfigurations = (
				916CC2E62A31804C00B3A786 /* Debug */,
				916CC2E72A31804C00B3A786 /* Release */,
			);
			defaultConfigurationIsVisible = 0;
			defaultConfigurationName = Release;
		};
/* End XCConfigurationList section */
	};
	rootObject = 916CC2CF2A31804B00B3A786 /* Project object */;
}
