// !$*UTF8*$!
{
	archiveVersion = 1;
	classes = {
	};
	objectVersion = 56;
	objects = {

/* Begin PBXBuildFile section */
		7785D5493955C5CEFD9B3A63 /* Pods_TeamCraft.framework in Frameworks */ = {isa = PBXBuildFile; fileRef = BF590AC89079705AB96CD331 /* Pods_TeamCraft.framework */; };
		9166AAC52A3DBBC000895164 /* TeamInformationUI.swift in Sources */ = {isa = PBXBuildFile; fileRef = 9166AAC42A3DBBC000895164 /* TeamInformationUI.swift */; };
		9166AAC82A3EEC1A00895164 /* UserIcon.swift in Sources */ = {isa = PBXBuildFile; fileRef = 9166AAC72A3EEC1A00895164 /* UserIcon.swift */; };
		9166AACA2A3EEC2700895164 /* TextFieldTextures.swift in Sources */ = {isa = PBXBuildFile; fileRef = 9166AAC92A3EEC2700895164 /* TextFieldTextures.swift */; };
		9166AACE2A3FCC4800895164 /* LoginView.swift in Sources */ = {isa = PBXBuildFile; fileRef = 9166AACD2A3FCC4800895164 /* LoginView.swift */; };
		9166AAD12A3FCE1A00895164 /* RegisterSettingView.swift in Sources */ = {isa = PBXBuildFile; fileRef = 9166AAD02A3FCE1A00895164 /* RegisterSettingView.swift */; };
		9166AAD52A3FF76A00895164 /* PasswordField.swift in Sources */ = {isa = PBXBuildFile; fileRef = 9166AAD42A3FF76A00895164 /* PasswordField.swift */; };
		9166AAD82A3FF92D00895164 /* RegisterLoginView.swift in Sources */ = {isa = PBXBuildFile; fileRef = 9166AAD72A3FF92D00895164 /* RegisterLoginView.swift */; };
		9169E59E2A4828AF00270814 /* UserSymbols.swift in Sources */ = {isa = PBXBuildFile; fileRef = 9169E59D2A4828AF00270814 /* UserSymbols.swift */; };
		9169E5A12A4A84DE00270814 /* AuthenticationView.swift in Sources */ = {isa = PBXBuildFile; fileRef = 9169E5A02A4A84DE00270814 /* AuthenticationView.swift */; };
		9169E5A42A4A87D400270814 /* AuthenticationViewModel.swift in Sources */ = {isa = PBXBuildFile; fileRef = 9169E5A32A4A87D400270814 /* AuthenticationViewModel.swift */; };
		9169E5AB2A4A8AA900270814 /* CreateTeamViewModel.swift in Sources */ = {isa = PBXBuildFile; fileRef = 9169E5AA2A4A8AA900270814 /* CreateTeamViewModel.swift */; };
		9169E5BD2A4AB08B00270814 /* TopBar_DefaultTeamView.swift in Sources */ = {isa = PBXBuildFile; fileRef = 9169E5BC2A4AB08B00270814 /* TopBar_DefaultTeamView.swift */; };
		916CC2DB2A31804B00B3A786 /* TeamCraftApp.swift in Sources */ = {isa = PBXBuildFile; fileRef = 916CC2DA2A31804B00B3A786 /* TeamCraftApp.swift */; };
		916CC2DD2A31804B00B3A786 /* RegisterView.swift in Sources */ = {isa = PBXBuildFile; fileRef = 916CC2DC2A31804B00B3A786 /* RegisterView.swift */; };
		916CC2DF2A31804C00B3A786 /* Assets.xcassets in Resources */ = {isa = PBXBuildFile; fileRef = 916CC2DE2A31804C00B3A786 /* Assets.xcassets */; };
		916CC2E22A31804C00B3A786 /* Preview Assets.xcassets in Resources */ = {isa = PBXBuildFile; fileRef = 916CC2E12A31804C00B3A786 /* Preview Assets.xcassets */; };
		919007A12A318B22002CD7B8 /* GoogleService-Info.plist in Resources */ = {isa = PBXBuildFile; fileRef = 916CC2E82A3185F900B3A786 /* GoogleService-Info.plist */; };
		919007A52A31AC5D002CD7B8 /* EmailVerificationView.swift in Sources */ = {isa = PBXBuildFile; fileRef = 919007A42A31AC5D002CD7B8 /* EmailVerificationView.swift */; };
		919007A82A31FC58002CD7B8 /* ContentView.swift in Sources */ = {isa = PBXBuildFile; fileRef = 919007A72A31FC58002CD7B8 /* ContentView.swift */; };
		919007AC2A31FE53002CD7B8 /* RegisterFinishView.swift in Sources */ = {isa = PBXBuildFile; fileRef = 919007AB2A31FE53002CD7B8 /* RegisterFinishView.swift */; };
		919007AE2A32002C002CD7B8 /* EmailVerificationFinishView.swift in Sources */ = {isa = PBXBuildFile; fileRef = 919007AD2A32002C002CD7B8 /* EmailVerificationFinishView.swift */; };
		919007B12A33F430002CD7B8 /* HomeView.swift in Sources */ = {isa = PBXBuildFile; fileRef = 919007B02A33F430002CD7B8 /* HomeView.swift */; };
		919007B72A33F503002CD7B8 /* FindView.swift in Sources */ = {isa = PBXBuildFile; fileRef = 919007B62A33F503002CD7B8 /* FindView.swift */; };
		919007B92A33F50F002CD7B8 /* TeamView.swift in Sources */ = {isa = PBXBuildFile; fileRef = 919007B82A33F50F002CD7B8 /* TeamView.swift */; };
		919007BB2A33F518002CD7B8 /* MailView.swift in Sources */ = {isa = PBXBuildFile; fileRef = 919007BA2A33F518002CD7B8 /* MailView.swift */; };
		919007BD2A33F522002CD7B8 /* MyAccountView.swift in Sources */ = {isa = PBXBuildFile; fileRef = 919007BC2A33F522002CD7B8 /* MyAccountView.swift */; };
		919007BF2A3414D3002CD7B8 /* ChatView.swift in Sources */ = {isa = PBXBuildFile; fileRef = 919007BE2A3414D2002CD7B8 /* ChatView.swift */; };
		919007C12A34185A002CD7B8 /* ChatViewModel.swift in Sources */ = {isa = PBXBuildFile; fileRef = 919007C02A34185A002CD7B8 /* ChatViewModel.swift */; };
		919007C52A345C72002CD7B8 /* CreateTeamView.swift in Sources */ = {isa = PBXBuildFile; fileRef = 919007C42A345C72002CD7B8 /* CreateTeamView.swift */; };
		919007C72A345D49002CD7B8 /* SelectTagView.swift in Sources */ = {isa = PBXBuildFile; fileRef = 919007C62A345D49002CD7B8 /* SelectTagView.swift */; };
		919007C92A345FCA002CD7B8 /* ImagePicker.swift in Sources */ = {isa = PBXBuildFile; fileRef = 919007C82A345FCA002CD7B8 /* ImagePicker.swift */; };
		919007CC2A346A39002CD7B8 /* DefaultTeamView.swift in Sources */ = {isa = PBXBuildFile; fileRef = 919007CB2A346A39002CD7B8 /* DefaultTeamView.swift */; };
		919007CE2A374961002CD7B8 /* JoinPopupView.swift in Sources */ = {isa = PBXBuildFile; fileRef = 919007CD2A374961002CD7B8 /* JoinPopupView.swift */; };
		919007D12A396EB7002CD7B8 /* User.swift in Sources */ = {isa = PBXBuildFile; fileRef = 919007D02A396EB7002CD7B8 /* User.swift */; };
		919007D32A396ED7002CD7B8 /* TeamInformation.swift in Sources */ = {isa = PBXBuildFile; fileRef = 919007D22A396ED7002CD7B8 /* TeamInformation.swift */; };
		919007D52A396F34002CD7B8 /* TeamTag.swift in Sources */ = {isa = PBXBuildFile; fileRef = 919007D42A396F34002CD7B8 /* TeamTag.swift */; };
		91F038E42A412A1C00A3B7F6 /* RegisterByEmailViewModel.swift in Sources */ = {isa = PBXBuildFile; fileRef = 91F038E32A412A1C00A3B7F6 /* RegisterByEmailViewModel.swift */; };
		91F038E72A412A9F00A3B7F6 /* LoginByEmailViewModel.swift in Sources */ = {isa = PBXBuildFile; fileRef = 91F038E62A412A9F00A3B7F6 /* LoginByEmailViewModel.swift */; };
		91F038EA2A412C9300A3B7F6 /* RegisterSettingViewModel.swift in Sources */ = {isa = PBXBuildFile; fileRef = 91F038E92A412C9300A3B7F6 /* RegisterSettingViewModel.swift */; };
		91F038EE2A412FEC00A3B7F6 /* EmailVerificationViewModel.swift in Sources */ = {isa = PBXBuildFile; fileRef = 91F038ED2A412FEC00A3B7F6 /* EmailVerificationViewModel.swift */; };
		91F038F22A4130E400A3B7F6 /* RegisterUserNameViewModel.swift in Sources */ = {isa = PBXBuildFile; fileRef = 91F038F12A4130E400A3B7F6 /* RegisterUserNameViewModel.swift */; };
		91F038F52A4131A400A3B7F6 /* FindViewModel.swift in Sources */ = {isa = PBXBuildFile; fileRef = 91F038F42A4131A400A3B7F6 /* FindViewModel.swift */; };
		91F038F82A4131D600A3B7F6 /* SearchField.swift in Sources */ = {isa = PBXBuildFile; fileRef = 91F038F72A4131D600A3B7F6 /* SearchField.swift */; };
		91F038FA2A4131F700A3B7F6 /* TopBar_FindView.swift in Sources */ = {isa = PBXBuildFile; fileRef = 91F038F92A4131F700A3B7F6 /* TopBar_FindView.swift */; };
		91F038FD2A41324100A3B7F6 /* TopBar_MailView.swift in Sources */ = {isa = PBXBuildFile; fileRef = 91F038FC2A41324100A3B7F6 /* TopBar_MailView.swift */; };
		91F038FF2A41326400A3B7F6 /* TopBar_MyAccount.swift in Sources */ = {isa = PBXBuildFile; fileRef = 91F038FE2A41326400A3B7F6 /* TopBar_MyAccount.swift */; };
		91F039012A41332E00A3B7F6 /* SelfIntroductionTextField.swift in Sources */ = {isa = PBXBuildFile; fileRef = 91F039002A41332E00A3B7F6 /* SelfIntroductionTextField.swift */; };
		91F039032A41339E00A3B7F6 /* NumJoinTeamText.swift in Sources */ = {isa = PBXBuildFile; fileRef = 91F039022A41339E00A3B7F6 /* NumJoinTeamText.swift */; };
		91F039052A41340400A3B7F6 /* NumJoinedTeamText.swift in Sources */ = {isa = PBXBuildFile; fileRef = 91F039042A41340400A3B7F6 /* NumJoinedTeamText.swift */; };
		91F039072A4134A200A3B7F6 /* EmailInfoText.swift in Sources */ = {isa = PBXBuildFile; fileRef = 91F039062A4134A200A3B7F6 /* EmailInfoText.swift */; };
		91F039092A41352F00A3B7F6 /* LogOutButton.swift in Sources */ = {isa = PBXBuildFile; fileRef = 91F039082A41352F00A3B7F6 /* LogOutButton.swift */; };
		91F0390B2A41358D00A3B7F6 /* UserSymbolsView.swift in Sources */ = {isa = PBXBuildFile; fileRef = 91F0390A2A41358D00A3B7F6 /* UserSymbolsView.swift */; };
		91F0390D2A4135D000A3B7F6 /* AccountInformationView.swift in Sources */ = {isa = PBXBuildFile; fileRef = 91F0390C2A4135D000A3B7F6 /* AccountInformationView.swift */; };
		91F039112A41598100A3B7F6 /* ImageManager.swift in Sources */ = {isa = PBXBuildFile; fileRef = 91F039102A41598100A3B7F6 /* ImageManager.swift */; };
		91F039132A416D6F00A3B7F6 /* CreateTitleTextField.swift in Sources */ = {isa = PBXBuildFile; fileRef = 91F039122A416D6F00A3B7F6 /* CreateTitleTextField.swift */; };
		91F039152A416E3600A3B7F6 /* SelectTagRow.swift in Sources */ = {isa = PBXBuildFile; fileRef = 91F039142A416E3600A3B7F6 /* SelectTagRow.swift */; };
		91F039172A416EAA00A3B7F6 /* DescriptionTextField.swift in Sources */ = {isa = PBXBuildFile; fileRef = 91F039162A416EAA00A3B7F6 /* DescriptionTextField.swift */; };
		91F039192A416F1F00A3B7F6 /* SelectHeadlineImage.swift in Sources */ = {isa = PBXBuildFile; fileRef = 91F039182A416F1F00A3B7F6 /* SelectHeadlineImage.swift */; };
		91F0391B2A4172B500A3B7F6 /* CreateTeamButton.swift in Sources */ = {isa = PBXBuildFile; fileRef = 91F0391A2A4172B500A3B7F6 /* CreateTeamButton.swift */; };
		91F0391D2A41832000A3B7F6 /* TeamRolesRow.swift in Sources */ = {isa = PBXBuildFile; fileRef = 91F0391C2A41832000A3B7F6 /* TeamRolesRow.swift */; };
		91F0391F2A418B7200A3B7F6 /* PrepareDurationPicker.swift in Sources */ = {isa = PBXBuildFile; fileRef = 91F0391E2A418B7200A3B7F6 /* PrepareDurationPicker.swift */; };
		91F039212A41A06A00A3B7F6 /* TeamCommunication.swift in Sources */ = {isa = PBXBuildFile; fileRef = 91F039202A41A06A00A3B7F6 /* TeamCommunication.swift */; };
		91F039232A41A53300A3B7F6 /* MessagesView.swift in Sources */ = {isa = PBXBuildFile; fileRef = 91F039222A41A53300A3B7F6 /* MessagesView.swift */; };
		91F039272A42DD3800A3B7F6 /* RegisterUserNameView.swift in Sources */ = {isa = PBXBuildFile; fileRef = 91F039262A42DD3800A3B7F6 /* RegisterUserNameView.swift */; };
		91F039292A42DD6A00A3B7F6 /* LoginByEmailView.swift in Sources */ = {isa = PBXBuildFile; fileRef = 91F039282A42DD6A00A3B7F6 /* LoginByEmailView.swift */; };
		91F0392B2A42DD8900A3B7F6 /* RegisterByEmailView.swift in Sources */ = {isa = PBXBuildFile; fileRef = 91F0392A2A42DD8900A3B7F6 /* RegisterByEmailView.swift */; };
		91F0392D2A42E1B400A3B7F6 /* TopBar_ChatView.swift in Sources */ = {isa = PBXBuildFile; fileRef = 91F0392C2A42E1B400A3B7F6 /* TopBar_ChatView.swift */; };
		91F0392F2A42E1D700A3B7F6 /* TeamSettingView.swift in Sources */ = {isa = PBXBuildFile; fileRef = 91F0392E2A42E1D700A3B7F6 /* TeamSettingView.swift */; };
		91F039312A42F3C600A3B7F6 /* teamInformationUI_TeamSetting.swift in Sources */ = {isa = PBXBuildFile; fileRef = 91F039302A42F3C600A3B7F6 /* teamInformationUI_TeamSetting.swift */; };
		91F039332A43247000A3B7F6 /* ProfileUI.swift in Sources */ = {isa = PBXBuildFile; fileRef = 91F039322A43247000A3B7F6 /* ProfileUI.swift */; };
		91F039362A45B4DC00A3B7F6 /* RegisterUserIconButton.swift in Sources */ = {isa = PBXBuildFile; fileRef = 91F039352A45B4DC00A3B7F6 /* RegisterUserIconButton.swift */; };
		91F039382A45B58D00A3B7F6 /* RegisterUserNameButton.swift in Sources */ = {isa = PBXBuildFile; fileRef = 91F039372A45B58D00A3B7F6 /* RegisterUserNameButton.swift */; };
/* End PBXBuildFile section */

/* Begin PBXFileReference section */
		0433CC7FF912674C8BB829F2 /* Pods-TeamCraft.release.xcconfig */ = {isa = PBXFileReference; includeInIndex = 1; lastKnownFileType = text.xcconfig; name = "Pods-TeamCraft.release.xcconfig"; path = "Target Support Files/Pods-TeamCraft/Pods-TeamCraft.release.xcconfig"; sourceTree = "<group>"; };
		6F8BA07EA3CD418A2204BAFF /* Pods-TeamCraft.debug.xcconfig */ = {isa = PBXFileReference; includeInIndex = 1; lastKnownFileType = text.xcconfig; name = "Pods-TeamCraft.debug.xcconfig"; path = "Target Support Files/Pods-TeamCraft/Pods-TeamCraft.debug.xcconfig"; sourceTree = "<group>"; };
		9166AAC42A3DBBC000895164 /* TeamInformationUI.swift */ = {isa = PBXFileReference; lastKnownFileType = sourcecode.swift; path = TeamInformationUI.swift; sourceTree = "<group>"; };
		9166AAC72A3EEC1A00895164 /* UserIcon.swift */ = {isa = PBXFileReference; lastKnownFileType = sourcecode.swift; path = UserIcon.swift; sourceTree = "<group>"; };
		9166AAC92A3EEC2700895164 /* TextFieldTextures.swift */ = {isa = PBXFileReference; lastKnownFileType = sourcecode.swift; path = TextFieldTextures.swift; sourceTree = "<group>"; };
		9166AACD2A3FCC4800895164 /* LoginView.swift */ = {isa = PBXFileReference; lastKnownFileType = sourcecode.swift; path = LoginView.swift; sourceTree = "<group>"; };
		9166AAD02A3FCE1A00895164 /* RegisterSettingView.swift */ = {isa = PBXFileReference; lastKnownFileType = sourcecode.swift; name = RegisterSettingView.swift; path = "../New Group/RegisterSettingView.swift"; sourceTree = "<group>"; };
		9166AAD42A3FF76A00895164 /* PasswordField.swift */ = {isa = PBXFileReference; lastKnownFileType = sourcecode.swift; path = PasswordField.swift; sourceTree = "<group>"; };
		9166AAD72A3FF92D00895164 /* RegisterLoginView.swift */ = {isa = PBXFileReference; lastKnownFileType = sourcecode.swift; path = RegisterLoginView.swift; sourceTree = "<group>"; };
		9169E59D2A4828AF00270814 /* UserSymbols.swift */ = {isa = PBXFileReference; lastKnownFileType = sourcecode.swift; path = UserSymbols.swift; sourceTree = "<group>"; };
		9169E5A02A4A84DE00270814 /* AuthenticationView.swift */ = {isa = PBXFileReference; lastKnownFileType = sourcecode.swift; path = AuthenticationView.swift; sourceTree = "<group>"; };
		9169E5A32A4A87D400270814 /* AuthenticationViewModel.swift */ = {isa = PBXFileReference; lastKnownFileType = sourcecode.swift; path = AuthenticationViewModel.swift; sourceTree = "<group>"; };
		9169E5AA2A4A8AA900270814 /* CreateTeamViewModel.swift */ = {isa = PBXFileReference; lastKnownFileType = sourcecode.swift; path = CreateTeamViewModel.swift; sourceTree = "<group>"; };
		9169E5BC2A4AB08B00270814 /* TopBar_DefaultTeamView.swift */ = {isa = PBXFileReference; lastKnownFileType = sourcecode.swift; path = TopBar_DefaultTeamView.swift; sourceTree = "<group>"; };
		916CC2D72A31804B00B3A786 /* TeamCraft.app */ = {isa = PBXFileReference; explicitFileType = wrapper.application; includeInIndex = 0; path = TeamCraft.app; sourceTree = BUILT_PRODUCTS_DIR; };
		916CC2DA2A31804B00B3A786 /* TeamCraftApp.swift */ = {isa = PBXFileReference; lastKnownFileType = sourcecode.swift; path = TeamCraftApp.swift; sourceTree = "<group>"; };
		916CC2DC2A31804B00B3A786 /* RegisterView.swift */ = {isa = PBXFileReference; lastKnownFileType = sourcecode.swift; path = RegisterView.swift; sourceTree = "<group>"; };
		916CC2DE2A31804C00B3A786 /* Assets.xcassets */ = {isa = PBXFileReference; lastKnownFileType = folder.assetcatalog; path = Assets.xcassets; sourceTree = "<group>"; };
		916CC2E12A31804C00B3A786 /* Preview Assets.xcassets */ = {isa = PBXFileReference; lastKnownFileType = folder.assetcatalog; path = "Preview Assets.xcassets"; sourceTree = "<group>"; };
		916CC2E82A3185F900B3A786 /* GoogleService-Info.plist */ = {isa = PBXFileReference; fileEncoding = 4; lastKnownFileType = text.plist.xml; path = "GoogleService-Info.plist"; sourceTree = "<group>"; };
		919007A42A31AC5D002CD7B8 /* EmailVerificationView.swift */ = {isa = PBXFileReference; lastKnownFileType = sourcecode.swift; path = EmailVerificationView.swift; sourceTree = "<group>"; };
		919007A72A31FC58002CD7B8 /* ContentView.swift */ = {isa = PBXFileReference; lastKnownFileType = sourcecode.swift; path = ContentView.swift; sourceTree = "<group>"; };
		919007AB2A31FE53002CD7B8 /* RegisterFinishView.swift */ = {isa = PBXFileReference; lastKnownFileType = sourcecode.swift; path = RegisterFinishView.swift; sourceTree = "<group>"; };
		919007AD2A32002C002CD7B8 /* EmailVerificationFinishView.swift */ = {isa = PBXFileReference; lastKnownFileType = sourcecode.swift; path = EmailVerificationFinishView.swift; sourceTree = "<group>"; };
		919007B02A33F430002CD7B8 /* HomeView.swift */ = {isa = PBXFileReference; lastKnownFileType = sourcecode.swift; path = HomeView.swift; sourceTree = "<group>"; };
		919007B62A33F503002CD7B8 /* FindView.swift */ = {isa = PBXFileReference; lastKnownFileType = sourcecode.swift; path = FindView.swift; sourceTree = "<group>"; };
		919007B82A33F50F002CD7B8 /* TeamView.swift */ = {isa = PBXFileReference; lastKnownFileType = sourcecode.swift; path = TeamView.swift; sourceTree = "<group>"; };
		919007BA2A33F518002CD7B8 /* MailView.swift */ = {isa = PBXFileReference; lastKnownFileType = sourcecode.swift; path = MailView.swift; sourceTree = "<group>"; };
		919007BC2A33F522002CD7B8 /* MyAccountView.swift */ = {isa = PBXFileReference; lastKnownFileType = sourcecode.swift; path = MyAccountView.swift; sourceTree = "<group>"; };
		919007BE2A3414D2002CD7B8 /* ChatView.swift */ = {isa = PBXFileReference; lastKnownFileType = sourcecode.swift; path = ChatView.swift; sourceTree = "<group>"; };
		919007C02A34185A002CD7B8 /* ChatViewModel.swift */ = {isa = PBXFileReference; lastKnownFileType = sourcecode.swift; path = ChatViewModel.swift; sourceTree = "<group>"; };
		919007C42A345C72002CD7B8 /* CreateTeamView.swift */ = {isa = PBXFileReference; lastKnownFileType = sourcecode.swift; path = CreateTeamView.swift; sourceTree = "<group>"; };
		919007C62A345D49002CD7B8 /* SelectTagView.swift */ = {isa = PBXFileReference; lastKnownFileType = sourcecode.swift; path = SelectTagView.swift; sourceTree = "<group>"; };
		919007C82A345FCA002CD7B8 /* ImagePicker.swift */ = {isa = PBXFileReference; lastKnownFileType = sourcecode.swift; path = ImagePicker.swift; sourceTree = "<group>"; };
		919007CB2A346A39002CD7B8 /* DefaultTeamView.swift */ = {isa = PBXFileReference; lastKnownFileType = sourcecode.swift; path = DefaultTeamView.swift; sourceTree = "<group>"; };
		919007CD2A374961002CD7B8 /* JoinPopupView.swift */ = {isa = PBXFileReference; lastKnownFileType = sourcecode.swift; path = JoinPopupView.swift; sourceTree = "<group>"; };
		919007D02A396EB7002CD7B8 /* User.swift */ = {isa = PBXFileReference; lastKnownFileType = sourcecode.swift; path = User.swift; sourceTree = "<group>"; };
		919007D22A396ED7002CD7B8 /* TeamInformation.swift */ = {isa = PBXFileReference; lastKnownFileType = sourcecode.swift; path = TeamInformation.swift; sourceTree = "<group>"; };
		919007D42A396F34002CD7B8 /* TeamTag.swift */ = {isa = PBXFileReference; lastKnownFileType = sourcecode.swift; path = TeamTag.swift; sourceTree = "<group>"; };
		91F038E32A412A1C00A3B7F6 /* RegisterByEmailViewModel.swift */ = {isa = PBXFileReference; lastKnownFileType = sourcecode.swift; path = RegisterByEmailViewModel.swift; sourceTree = "<group>"; };
		91F038E62A412A9F00A3B7F6 /* LoginByEmailViewModel.swift */ = {isa = PBXFileReference; lastKnownFileType = sourcecode.swift; path = LoginByEmailViewModel.swift; sourceTree = "<group>"; };
		91F038E92A412C9300A3B7F6 /* RegisterSettingViewModel.swift */ = {isa = PBXFileReference; lastKnownFileType = sourcecode.swift; path = RegisterSettingViewModel.swift; sourceTree = "<group>"; };
		91F038ED2A412FEC00A3B7F6 /* EmailVerificationViewModel.swift */ = {isa = PBXFileReference; lastKnownFileType = sourcecode.swift; path = EmailVerificationViewModel.swift; sourceTree = "<group>"; };
		91F038F12A4130E400A3B7F6 /* RegisterUserNameViewModel.swift */ = {isa = PBXFileReference; lastKnownFileType = sourcecode.swift; path = RegisterUserNameViewModel.swift; sourceTree = "<group>"; };
		91F038F42A4131A400A3B7F6 /* FindViewModel.swift */ = {isa = PBXFileReference; lastKnownFileType = sourcecode.swift; path = FindViewModel.swift; sourceTree = "<group>"; };
		91F038F72A4131D600A3B7F6 /* SearchField.swift */ = {isa = PBXFileReference; lastKnownFileType = sourcecode.swift; path = SearchField.swift; sourceTree = "<group>"; };
		91F038F92A4131F700A3B7F6 /* TopBar_FindView.swift */ = {isa = PBXFileReference; lastKnownFileType = sourcecode.swift; path = TopBar_FindView.swift; sourceTree = "<group>"; };
		91F038FC2A41324100A3B7F6 /* TopBar_MailView.swift */ = {isa = PBXFileReference; lastKnownFileType = sourcecode.swift; path = TopBar_MailView.swift; sourceTree = "<group>"; };
		91F038FE2A41326400A3B7F6 /* TopBar_MyAccount.swift */ = {isa = PBXFileReference; lastKnownFileType = sourcecode.swift; path = TopBar_MyAccount.swift; sourceTree = "<group>"; };
		91F039002A41332E00A3B7F6 /* SelfIntroductionTextField.swift */ = {isa = PBXFileReference; lastKnownFileType = sourcecode.swift; path = SelfIntroductionTextField.swift; sourceTree = "<group>"; };
		91F039022A41339E00A3B7F6 /* NumJoinTeamText.swift */ = {isa = PBXFileReference; lastKnownFileType = sourcecode.swift; path = NumJoinTeamText.swift; sourceTree = "<group>"; };
		91F039042A41340400A3B7F6 /* NumJoinedTeamText.swift */ = {isa = PBXFileReference; lastKnownFileType = sourcecode.swift; path = NumJoinedTeamText.swift; sourceTree = "<group>"; };
		91F039062A4134A200A3B7F6 /* EmailInfoText.swift */ = {isa = PBXFileReference; lastKnownFileType = sourcecode.swift; path = EmailInfoText.swift; sourceTree = "<group>"; };
		91F039082A41352F00A3B7F6 /* LogOutButton.swift */ = {isa = PBXFileReference; lastKnownFileType = sourcecode.swift; path = LogOutButton.swift; sourceTree = "<group>"; };
		91F0390A2A41358D00A3B7F6 /* UserSymbolsView.swift */ = {isa = PBXFileReference; lastKnownFileType = sourcecode.swift; path = UserSymbolsView.swift; sourceTree = "<group>"; };
		91F0390C2A4135D000A3B7F6 /* AccountInformationView.swift */ = {isa = PBXFileReference; lastKnownFileType = sourcecode.swift; path = AccountInformationView.swift; sourceTree = "<group>"; };
		91F039102A41598100A3B7F6 /* ImageManager.swift */ = {isa = PBXFileReference; lastKnownFileType = sourcecode.swift; path = ImageManager.swift; sourceTree = "<group>"; };
		91F039122A416D6F00A3B7F6 /* CreateTitleTextField.swift */ = {isa = PBXFileReference; lastKnownFileType = sourcecode.swift; path = CreateTitleTextField.swift; sourceTree = "<group>"; };
		91F039142A416E3600A3B7F6 /* SelectTagRow.swift */ = {isa = PBXFileReference; lastKnownFileType = sourcecode.swift; path = SelectTagRow.swift; sourceTree = "<group>"; };
		91F039162A416EAA00A3B7F6 /* DescriptionTextField.swift */ = {isa = PBXFileReference; lastKnownFileType = sourcecode.swift; path = DescriptionTextField.swift; sourceTree = "<group>"; };
		91F039182A416F1F00A3B7F6 /* SelectHeadlineImage.swift */ = {isa = PBXFileReference; lastKnownFileType = sourcecode.swift; path = SelectHeadlineImage.swift; sourceTree = "<group>"; };
		91F0391A2A4172B500A3B7F6 /* CreateTeamButton.swift */ = {isa = PBXFileReference; lastKnownFileType = sourcecode.swift; path = CreateTeamButton.swift; sourceTree = "<group>"; };
		91F0391C2A41832000A3B7F6 /* TeamRolesRow.swift */ = {isa = PBXFileReference; lastKnownFileType = sourcecode.swift; path = TeamRolesRow.swift; sourceTree = "<group>"; };
		91F0391E2A418B7200A3B7F6 /* PrepareDurationPicker.swift */ = {isa = PBXFileReference; lastKnownFileType = sourcecode.swift; path = PrepareDurationPicker.swift; sourceTree = "<group>"; };
		91F039202A41A06A00A3B7F6 /* TeamCommunication.swift */ = {isa = PBXFileReference; lastKnownFileType = sourcecode.swift; path = TeamCommunication.swift; sourceTree = "<group>"; };
		91F039222A41A53300A3B7F6 /* MessagesView.swift */ = {isa = PBXFileReference; lastKnownFileType = sourcecode.swift; path = MessagesView.swift; sourceTree = "<group>"; };
		91F039262A42DD3800A3B7F6 /* RegisterUserNameView.swift */ = {isa = PBXFileReference; lastKnownFileType = sourcecode.swift; path = RegisterUserNameView.swift; sourceTree = "<group>"; };
		91F039282A42DD6A00A3B7F6 /* LoginByEmailView.swift */ = {isa = PBXFileReference; lastKnownFileType = sourcecode.swift; path = LoginByEmailView.swift; sourceTree = "<group>"; };
		91F0392A2A42DD8900A3B7F6 /* RegisterByEmailView.swift */ = {isa = PBXFileReference; lastKnownFileType = sourcecode.swift; path = RegisterByEmailView.swift; sourceTree = "<group>"; };
		91F0392C2A42E1B400A3B7F6 /* TopBar_ChatView.swift */ = {isa = PBXFileReference; lastKnownFileType = sourcecode.swift; path = TopBar_ChatView.swift; sourceTree = "<group>"; };
		91F0392E2A42E1D700A3B7F6 /* TeamSettingView.swift */ = {isa = PBXFileReference; lastKnownFileType = sourcecode.swift; path = TeamSettingView.swift; sourceTree = "<group>"; };
		91F039302A42F3C600A3B7F6 /* teamInformationUI_TeamSetting.swift */ = {isa = PBXFileReference; lastKnownFileType = sourcecode.swift; path = teamInformationUI_TeamSetting.swift; sourceTree = "<group>"; };
		91F039322A43247000A3B7F6 /* ProfileUI.swift */ = {isa = PBXFileReference; lastKnownFileType = sourcecode.swift; path = ProfileUI.swift; sourceTree = "<group>"; };
		91F039352A45B4DC00A3B7F6 /* RegisterUserIconButton.swift */ = {isa = PBXFileReference; lastKnownFileType = sourcecode.swift; path = RegisterUserIconButton.swift; sourceTree = "<group>"; };
		91F039372A45B58D00A3B7F6 /* RegisterUserNameButton.swift */ = {isa = PBXFileReference; lastKnownFileType = sourcecode.swift; path = RegisterUserNameButton.swift; sourceTree = "<group>"; };
		BF590AC89079705AB96CD331 /* Pods_TeamCraft.framework */ = {isa = PBXFileReference; explicitFileType = wrapper.framework; includeInIndex = 0; path = Pods_TeamCraft.framework; sourceTree = BUILT_PRODUCTS_DIR; };
/* End PBXFileReference section */

/* Begin PBXFrameworksBuildPhase section */
		916CC2D42A31804B00B3A786 /* Frameworks */ = {
			isa = PBXFrameworksBuildPhase;
			buildActionMask = 2147483647;
			files = (
				7785D5493955C5CEFD9B3A63 /* Pods_TeamCraft.framework in Frameworks */,
			);
			runOnlyForDeploymentPostprocessing = 0;
		};
/* End PBXFrameworksBuildPhase section */

/* Begin PBXGroup section */
		362BED8DEEE47D13EFFD410D /* Frameworks */ = {
			isa = PBXGroup;
			children = (
				BF590AC89079705AB96CD331 /* Pods_TeamCraft.framework */,
			);
			name = Frameworks;
			sourceTree = "<group>";
		};
		8168B3ECD19D88A55382A2F5 /* Pods */ = {
			isa = PBXGroup;
			children = (
				6F8BA07EA3CD418A2204BAFF /* Pods-TeamCraft.debug.xcconfig */,
				0433CC7FF912674C8BB829F2 /* Pods-TeamCraft.release.xcconfig */,
			);
			path = Pods;
			sourceTree = "<group>";
		};
		9166AAC62A3EEBF300895164 /* 汎用View */ = {
			isa = PBXGroup;
			children = (
				919007C82A345FCA002CD7B8 /* ImagePicker.swift */,
				9166AAC72A3EEC1A00895164 /* UserIcon.swift */,
				9166AACB2A3EEC3B00895164 /* 入力欄系 */,
			);
			path = "汎用View";
			sourceTree = "<group>";
		};
		9166AACB2A3EEC3B00895164 /* 入力欄系 */ = {
			isa = PBXGroup;
			children = (
				9166AAC92A3EEC2700895164 /* TextFieldTextures.swift */,
				9166AAD42A3FF76A00895164 /* PasswordField.swift */,
				91F038F72A4131D600A3B7F6 /* SearchField.swift */,
			);
			path = "入力欄系";
			sourceTree = "<group>";
		};
		9166AACC2A3F2A4300895164 /* Login */ = {
			isa = PBXGroup;
			children = (
				9166AACD2A3FCC4800895164 /* LoginView.swift */,
				91F038E52A412A4000A3B7F6 /* メールアドレスでログイン */,
			);
			path = Login;
			sourceTree = "<group>";
		};
		9166AACF2A3FCDA600895164 /* ユーザー情報の登録 */ = {
			isa = PBXGroup;
			children = (
				91F038E82A412B1000A3B7F6 /* RegisterSettingView */,
				91F038EB2A412F3800A3B7F6 /* メール認証 */,
				91F038EF2A41302000A3B7F6 /* メール認証完了画面 */,
				91F038F02A41303100A3B7F6 /* ユーザー名登録 */,
				91F038F32A4130F400A3B7F6 /* 全登録完了画面 */,
			);
			name = "ユーザー情報の登録";
			path = "ユーザー情報の登録";
			sourceTree = "<group>";
		};
		9166AAD62A3FF8ED00895164 /* 新規登録とログイン */ = {
			isa = PBXGroup;
			children = (
				9166AAD72A3FF92D00895164 /* RegisterLoginView.swift */,
				919007A62A31FBE3002CD7B8 /* Register */,
				9166AACC2A3F2A4300895164 /* Login */,
			);
			name = "新規登録とログイン";
			path = "新規登録とログイン";
			sourceTree = "<group>";
		};
		9169E59F2A4A848B00270814 /* ログインとユーザー情報登録画面 */ = {
			isa = PBXGroup;
			children = (
				9169E5A22A4A87C000270814 /* AuthenticationView */,
				9166AAD62A3FF8ED00895164 /* 新規登録とログイン */,
				9166AACF2A3FCDA600895164 /* ユーザー情報の登録 */,
			);
			name = "ログインとユーザー情報登録画面";
			path = "ログインなど";
			sourceTree = "<group>";
		};
		9169E5A22A4A87C000270814 /* AuthenticationView */ = {
			isa = PBXGroup;
			children = (
				9169E5A02A4A84DE00270814 /* AuthenticationView.swift */,
				9169E5A32A4A87D400270814 /* AuthenticationViewModel.swift */,
			);
			path = AuthenticationView;
			sourceTree = "<group>";
		};
		9169E5A62A4A882700270814 /* ユーザー情報とユーザーシンボル */ = {
			isa = PBXGroup;
			children = (
				919007D02A396EB7002CD7B8 /* User.swift */,
				9169E59D2A4828AF00270814 /* UserSymbols.swift */,
			);
			name = "ユーザー情報とユーザーシンボル";
			path = "ユーザー情報とユーザーアイコン";
			sourceTree = "<group>";
		};
		9169E5A72A4A884300270814 /* チーム募集情報とチーム内情報 */ = {
			isa = PBXGroup;
			children = (
				919007D22A396ED7002CD7B8 /* TeamInformation.swift */,
				91F039202A41A06A00A3B7F6 /* TeamCommunication.swift */,
				9169E5A82A4A889000270814 /* チームタグ */,
			);
			path = "チーム募集情報とチーム内情報";
			sourceTree = "<group>";
		};
		9169E5A82A4A889000270814 /* チームタグ */ = {
			isa = PBXGroup;
			children = (
				919007D42A396F34002CD7B8 /* TeamTag.swift */,
			);
			name = "チームタグ";
			path = "チームタグ";
			sourceTree = "<group>";
		};
		9169E5A92A4A88B100270814 /* 画像とFirebaseStorage */ = {
			isa = PBXGroup;
			children = (
				91F039102A41598100A3B7F6 /* ImageManager.swift */,
			);
			path = "画像とFirebaseStorage";
			sourceTree = "<group>";
		};
		9169E5AC2A4A8AD000270814 /* CreateTeamView */ = {
			isa = PBXGroup;
			children = (
				919007C42A345C72002CD7B8 /* CreateTeamView.swift */,
				9169E5AA2A4A8AA900270814 /* CreateTeamViewModel.swift */,
				9169E5AD2A4A8AF100270814 /* 準備期間 */,
				9169E5AE2A4A8B0000270814 /* 役割と人数 */,
				9169E5AF2A4A8B0C00270814 /* チーム作成ボタン */,
				9169E5B02A4A8B1800270814 /* 見出し画像 */,
				9169E5B12A4A8B2200270814 /* 概要 */,
				9169E5B42A4A8B8500270814 /* タグ表示 */,
				9169E5B32A4A8B3C00270814 /* タイトル */,
				9169E5B52A4A8BAA00270814 /* タグ選択画面 */,
			);
			path = CreateTeamView;
			sourceTree = "<group>";
		};
		9169E5AD2A4A8AF100270814 /* 準備期間 */ = {
			isa = PBXGroup;
			children = (
				91F0391E2A418B7200A3B7F6 /* PrepareDurationPicker.swift */,
			);
			path = "準備期間";
			sourceTree = "<group>";
		};
		9169E5AE2A4A8B0000270814 /* 役割と人数 */ = {
			isa = PBXGroup;
			children = (
				91F0391C2A41832000A3B7F6 /* TeamRolesRow.swift */,
			);
			path = "役割と人数";
			sourceTree = "<group>";
		};
		9169E5AF2A4A8B0C00270814 /* チーム作成ボタン */ = {
			isa = PBXGroup;
			children = (
				91F0391A2A4172B500A3B7F6 /* CreateTeamButton.swift */,
			);
			name = "チーム作成ボタン";
			path = "チーム作成ボタン";
			sourceTree = "<group>";
		};
		9169E5B02A4A8B1800270814 /* 見出し画像 */ = {
			isa = PBXGroup;
			children = (
				91F039182A416F1F00A3B7F6 /* SelectHeadlineImage.swift */,
			);
			path = "見出し画像";
			sourceTree = "<group>";
		};
		9169E5B12A4A8B2200270814 /* 概要 */ = {
			isa = PBXGroup;
			children = (
				91F039162A416EAA00A3B7F6 /* DescriptionTextField.swift */,
			);
			path = "概要";
			sourceTree = "<group>";
		};
		9169E5B32A4A8B3C00270814 /* タイトル */ = {
			isa = PBXGroup;
			children = (
				91F039122A416D6F00A3B7F6 /* CreateTitleTextField.swift */,
			);
			path = "タイトル";
			sourceTree = "<group>";
		};
		9169E5B42A4A8B8500270814 /* タグ表示 */ = {
			isa = PBXGroup;
			children = (
				91F039142A416E3600A3B7F6 /* SelectTagRow.swift */,
			);
			name = "タグ表示";
			path = "タグ表示";
			sourceTree = "<group>";
		};
		9169E5B52A4A8BAA00270814 /* タグ選択画面 */ = {
			isa = PBXGroup;
			children = (
				919007C62A345D49002CD7B8 /* SelectTagView.swift */,
			);
			name = "タグ選択画面";
			path = "タグ選択";
			sourceTree = "<group>";
		};
		9169E5B62A4AAFC100270814 /* トップバー */ = {
			isa = PBXGroup;
			children = (
				91F038F92A4131F700A3B7F6 /* TopBar_FindView.swift */,
			);
			name = "トップバー";
			path = "トップバー";
			sourceTree = "<group>";
		};
		9169E5B82A4AAFD200270814 /* チーム情報 */ = {
			isa = PBXGroup;
			children = (
				9166AAC42A3DBBC000895164 /* TeamInformationUI.swift */,
			);
			path = "チーム情報";
			sourceTree = "<group>";
		};
		9169E5B92A4AAFFA00270814 /* 参加確認ポップアップ */ = {
			isa = PBXGroup;
			children = (
				919007CD2A374961002CD7B8 /* JoinPopupView.swift */,
			);
			name = "参加確認ポップアップ";
			path = "参加確認ポップアップ";
			sourceTree = "<group>";
		};
		9169E5BA2A4AB02400270814 /* トップバー */ = {
			isa = PBXGroup;
			children = (
				91F0392C2A42E1B400A3B7F6 /* TopBar_ChatView.swift */,
			);
			name = "トップバー";
			path = "トップバー";
			sourceTree = "<group>";
		};
		9169E5BB2A4AB02F00270814 /* メッセージふきだし */ = {
			isa = PBXGroup;
			children = (
				91F039222A41A53300A3B7F6 /* MessagesView.swift */,
			);
			name = "メッセージふきだし";
			path = "メッセージふきだし";
			sourceTree = "<group>";
		};
		9169E5BE2A4AB0C100270814 /* トップバー */ = {
			isa = PBXGroup;
			children = (
				9169E5BC2A4AB08B00270814 /* TopBar_DefaultTeamView.swift */,
			);
			name = "トップバー";
			path = "トップバー";
			sourceTree = "<group>";
		};
		9169E5BF2A4AB10900270814 /* トップバー */ = {
			isa = PBXGroup;
			children = (
				91F038FC2A41324100A3B7F6 /* TopBar_MailView.swift */,
			);
			name = "トップバー";
			path = "トップバー";
			sourceTree = "<group>";
		};
		9169E5C02A4AB12300270814 /* アイコンと名前 */ = {
			isa = PBXGroup;
			children = (
				91F0390A2A41358D00A3B7F6 /* UserSymbolsView.swift */,
			);
			path = "アイコンと名前";
			sourceTree = "<group>";
		};
		9169E5C12A4AB13600270814 /* 自己紹介文 */ = {
			isa = PBXGroup;
			children = (
				91F039002A41332E00A3B7F6 /* SelfIntroductionTextField.swift */,
			);
			path = "自己紹介文";
			sourceTree = "<group>";
		};
		9169E5C22A4AB15300270814 /* 参加中チーム数 */ = {
			isa = PBXGroup;
			children = (
				91F039022A41339E00A3B7F6 /* NumJoinTeamText.swift */,
			);
			path = "参加中チーム数";
			sourceTree = "<group>";
		};
		9169E5C32A4AB16B00270814 /* 過去に参加したチーム数 */ = {
			isa = PBXGroup;
			children = (
				91F039042A41340400A3B7F6 /* NumJoinedTeamText.swift */,
			);
			path = "過去に参加したチーム数";
			sourceTree = "<group>";
		};
		9169E5C42A4AB18200270814 /* メールアドレス */ = {
			isa = PBXGroup;
			children = (
				91F039062A4134A200A3B7F6 /* EmailInfoText.swift */,
			);
			name = "メールアドレス";
			path = "メールアドレス";
			sourceTree = "<group>";
		};
		9169E5C52A4AB18E00270814 /* ログアウトボタン */ = {
			isa = PBXGroup;
			children = (
				91F039082A41352F00A3B7F6 /* LogOutButton.swift */,
			);
			name = "ログアウトボタン";
			path = "ログアウトボタン";
			sourceTree = "<group>";
		};
		916CC2CE2A31804B00B3A786 = {
			isa = PBXGroup;
			children = (
				916CC2D92A31804B00B3A786 /* TeamCraft */,
				916CC2D82A31804B00B3A786 /* Products */,
				8168B3ECD19D88A55382A2F5 /* Pods */,
				362BED8DEEE47D13EFFD410D /* Frameworks */,
			);
			sourceTree = "<group>";
		};
		916CC2D82A31804B00B3A786 /* Products */ = {
			isa = PBXGroup;
			children = (
				916CC2D72A31804B00B3A786 /* TeamCraft.app */,
			);
			name = Products;
			sourceTree = "<group>";
		};
		916CC2D92A31804B00B3A786 /* TeamCraft */ = {
			isa = PBXGroup;
			children = (
				916CC2DA2A31804B00B3A786 /* TeamCraftApp.swift */,
				919007A72A31FC58002CD7B8 /* ContentView.swift */,
				919007CF2A396EA9002CD7B8 /* Model */,
				9166AAC62A3EEBF300895164 /* 汎用View */,
				9169E59F2A4A848B00270814 /* ログインとユーザー情報登録画面 */,
				919007AF2A33F409002CD7B8 /* ホーム画面 */,
				916CC2DE2A31804C00B3A786 /* Assets.xcassets */,
				916CC2E82A3185F900B3A786 /* GoogleService-Info.plist */,
				916CC2E02A31804C00B3A786 /* Preview Content */,
			);
			path = TeamCraft;
			sourceTree = "<group>";
		};
		916CC2E02A31804C00B3A786 /* Preview Content */ = {
			isa = PBXGroup;
			children = (
				916CC2E12A31804C00B3A786 /* Preview Assets.xcassets */,
			);
			path = "Preview Content";
			sourceTree = "<group>";
		};
		919007A62A31FBE3002CD7B8 /* Register */ = {
			isa = PBXGroup;
			children = (
				916CC2DC2A31804B00B3A786 /* RegisterView.swift */,
				91F038E22A412A0000A3B7F6 /* メールアドレスで登録 */,
			);
			path = Register;
			sourceTree = "<group>";
		};
		919007AF2A33F409002CD7B8 /* ホーム画面 */ = {
			isa = PBXGroup;
			children = (
				919007B02A33F430002CD7B8 /* HomeView.swift */,
				919007B22A33F479002CD7B8 /* チームを探す */,
				919007B32A33F497002CD7B8 /* チームチャットなど */,
				919007B52A33F4E8002CD7B8 /* マイアカウント */,
				919007B42A33F4C2002CD7B8 /* メール */,
			);
			name = "ホーム画面";
			path = ..;
			sourceTree = "<group>";
		};
		919007B22A33F479002CD7B8 /* チームを探す */ = {
			isa = PBXGroup;
			children = (
				91F038F62A4131B600A3B7F6 /* FindView */,
			);
			path = "チームを探す";
			sourceTree = "<group>";
		};
		919007B32A33F497002CD7B8 /* チームチャットなど */ = {
			isa = PBXGroup;
			children = (
				919007B82A33F50F002CD7B8 /* TeamView.swift */,
				919007CA2A346A1B002CD7B8 /* DefaultTeamView */,
				919007C22A34188D002CD7B8 /* ChatView */,
			);
			name = "チームチャットなど";
			path = "チームチャットなど";
			sourceTree = "<group>";
		};
		919007B42A33F4C2002CD7B8 /* メール */ = {
			isa = PBXGroup;
			children = (
				91F038FB2A41322F00A3B7F6 /* MailView */,
			);
			path = "メール";
			sourceTree = "<group>";
		};
		919007B52A33F4E8002CD7B8 /* マイアカウント */ = {
			isa = PBXGroup;
			children = (
				919007BC2A33F522002CD7B8 /* MyAccountView.swift */,
				91F038FE2A41326400A3B7F6 /* TopBar_MyAccount.swift */,
				91F0390E2A4135E300A3B7F6 /* アカウント情報 */,
			);
			path = "マイアカウント";
			sourceTree = "<group>";
		};
		919007C22A34188D002CD7B8 /* ChatView */ = {
			isa = PBXGroup;
			children = (
				919007BE2A3414D2002CD7B8 /* ChatView.swift */,
				919007C02A34185A002CD7B8 /* ChatViewModel.swift */,
				9169E5BA2A4AB02400270814 /* トップバー */,
				9169E5BB2A4AB02F00270814 /* メッセージふきだし */,
				91F039342A43F77E00A3B7F6 /* TeamSettingView */,
			);
			path = ChatView;
			sourceTree = "<group>";
		};
		919007CA2A346A1B002CD7B8 /* DefaultTeamView */ = {
			isa = PBXGroup;
			children = (
				919007CB2A346A39002CD7B8 /* DefaultTeamView.swift */,
				9169E5BE2A4AB0C100270814 /* トップバー */,
				9169E5AC2A4A8AD000270814 /* CreateTeamView */,
			);
			path = DefaultTeamView;
			sourceTree = "<group>";
		};
		919007CF2A396EA9002CD7B8 /* Model */ = {
			isa = PBXGroup;
			children = (
				9169E5A62A4A882700270814 /* ユーザー情報とユーザーシンボル */,
				9169E5A72A4A884300270814 /* チーム募集情報とチーム内情報 */,
				9169E5A92A4A88B100270814 /* 画像とFirebaseStorage */,
			);
			path = Model;
			sourceTree = "<group>";
		};
		91F038E22A412A0000A3B7F6 /* メールアドレスで登録 */ = {
			isa = PBXGroup;
			children = (
				91F0392A2A42DD8900A3B7F6 /* RegisterByEmailView.swift */,
				91F038E32A412A1C00A3B7F6 /* RegisterByEmailViewModel.swift */,
			);
			name = "メールアドレスで登録";
			path = "メールアドレスで登録";
			sourceTree = "<group>";
		};
		91F038E52A412A4000A3B7F6 /* メールアドレスでログイン */ = {
			isa = PBXGroup;
			children = (
				91F039282A42DD6A00A3B7F6 /* LoginByEmailView.swift */,
				91F038E62A412A9F00A3B7F6 /* LoginByEmailViewModel.swift */,
			);
			name = "メールアドレスでログイン";
			path = "メールアドレスでログイン";
			sourceTree = "<group>";
		};
		91F038E82A412B1000A3B7F6 /* RegisterSettingView */ = {
			isa = PBXGroup;
			children = (
				9166AAD02A3FCE1A00895164 /* RegisterSettingView.swift */,
				91F038E92A412C9300A3B7F6 /* RegisterSettingViewModel.swift */,
			);
			path = RegisterSettingView;
			sourceTree = "<group>";
		};
		91F038EB2A412F3800A3B7F6 /* メール認証 */ = {
			isa = PBXGroup;
			children = (
				919007A42A31AC5D002CD7B8 /* EmailVerificationView.swift */,
				91F038ED2A412FEC00A3B7F6 /* EmailVerificationViewModel.swift */,
			);
			path = "メール認証";
			sourceTree = "<group>";
		};
		91F038EF2A41302000A3B7F6 /* メール認証完了画面 */ = {
			isa = PBXGroup;
			children = (
				919007AD2A32002C002CD7B8 /* EmailVerificationFinishView.swift */,
			);
			path = "メール認証完了画面";
			sourceTree = "<group>";
		};
		91F038F02A41303100A3B7F6 /* ユーザー名登録 */ = {
			isa = PBXGroup;
			children = (
				91F039392A45B5EF00A3B7F6 /* RegisterUserNameView */,
				91F039352A45B4DC00A3B7F6 /* RegisterUserIconButton.swift */,
				91F039372A45B58D00A3B7F6 /* RegisterUserNameButton.swift */,
			);
			name = "ユーザー名登録";
			path = "ユーザー名登録";
			sourceTree = "<group>";
		};
		91F038F32A4130F400A3B7F6 /* 全登録完了画面 */ = {
			isa = PBXGroup;
			children = (
				919007AB2A31FE53002CD7B8 /* RegisterFinishView.swift */,
			);
			path = "全登録完了画面";
			sourceTree = "<group>";
		};
		91F038F62A4131B600A3B7F6 /* FindView */ = {
			isa = PBXGroup;
			children = (
				919007B62A33F503002CD7B8 /* FindView.swift */,
				91F038F42A4131A400A3B7F6 /* FindViewModel.swift */,
				9169E5B82A4AAFD200270814 /* チーム情報 */,
				9169E5B62A4AAFC100270814 /* トップバー */,
				9169E5B92A4AAFFA00270814 /* 参加確認ポップアップ */,
			);
			path = FindView;
			sourceTree = "<group>";
		};
		91F038FB2A41322F00A3B7F6 /* MailView */ = {
			isa = PBXGroup;
			children = (
				919007BA2A33F518002CD7B8 /* MailView.swift */,
				9169E5BF2A4AB10900270814 /* トップバー */,
			);
			path = MailView;
			sourceTree = "<group>";
		};
		91F0390E2A4135E300A3B7F6 /* アカウント情報 */ = {
			isa = PBXGroup;
			children = (
				91F0390F2A41360000A3B7F6 /* AccountInformationView */,
			);
			path = "アカウント情報";
			sourceTree = "<group>";
		};
		91F0390F2A41360000A3B7F6 /* AccountInformationView */ = {
			isa = PBXGroup;
			children = (
				91F0390C2A4135D000A3B7F6 /* AccountInformationView.swift */,
				9169E5C02A4AB12300270814 /* アイコンと名前 */,
				9169E5C12A4AB13600270814 /* 自己紹介文 */,
				9169E5C22A4AB15300270814 /* 参加中チーム数 */,
				9169E5C32A4AB16B00270814 /* 過去に参加したチーム数 */,
				9169E5C42A4AB18200270814 /* メールアドレス */,
				9169E5C52A4AB18E00270814 /* ログアウトボタン */,
			);
			path = AccountInformationView;
			sourceTree = "<group>";
		};
		91F039342A43F77E00A3B7F6 /* TeamSettingView */ = {
			isa = PBXGroup;
			children = (
				91F0392E2A42E1D700A3B7F6 /* TeamSettingView.swift */,
				91F039302A42F3C600A3B7F6 /* teamInformationUI_TeamSetting.swift */,
				91F039322A43247000A3B7F6 /* ProfileUI.swift */,
			);
			path = TeamSettingView;
			sourceTree = "<group>";
		};
		91F039392A45B5EF00A3B7F6 /* RegisterUserNameView */ = {
			isa = PBXGroup;
			children = (
				91F039262A42DD3800A3B7F6 /* RegisterUserNameView.swift */,
				91F038F12A4130E400A3B7F6 /* RegisterUserNameViewModel.swift */,
			);
			path = RegisterUserNameView;
			sourceTree = "<group>";
		};
/* End PBXGroup section */

/* Begin PBXNativeTarget section */
		916CC2D62A31804B00B3A786 /* TeamCraft */ = {
			isa = PBXNativeTarget;
			buildConfigurationList = 916CC2E52A31804C00B3A786 /* Build configuration list for PBXNativeTarget "TeamCraft" */;
			buildPhases = (
				9F848B8DA7AF3614E9D45409 /* [CP] Check Pods Manifest.lock */,
				916CC2D32A31804B00B3A786 /* Sources */,
				916CC2D42A31804B00B3A786 /* Frameworks */,
				916CC2D52A31804B00B3A786 /* Resources */,
				66BD0AF227CC8BCBD1091BC0 /* [CP] Embed Pods Frameworks */,
			);
			buildRules = (
			);
			dependencies = (
			);
			name = TeamCraft;
			productName = TeamCraft;
			productReference = 916CC2D72A31804B00B3A786 /* TeamCraft.app */;
			productType = "com.apple.product-type.application";
		};
/* End PBXNativeTarget section */

/* Begin PBXProject section */
		916CC2CF2A31804B00B3A786 /* Project object */ = {
			isa = PBXProject;
			attributes = {
				BuildIndependentTargetsInParallel = 1;
				LastSwiftUpdateCheck = 1430;
				LastUpgradeCheck = 1430;
				TargetAttributes = {
					916CC2D62A31804B00B3A786 = {
						CreatedOnToolsVersion = 14.3;
					};
				};
			};
			buildConfigurationList = 916CC2D22A31804B00B3A786 /* Build configuration list for PBXProject "TeamCraft" */;
			compatibilityVersion = "Xcode 14.0";
			developmentRegion = en;
			hasScannedForEncodings = 0;
			knownRegions = (
				en,
				Base,
			);
			mainGroup = 916CC2CE2A31804B00B3A786;
			productRefGroup = 916CC2D82A31804B00B3A786 /* Products */;
			projectDirPath = "";
			projectRoot = "";
			targets = (
				916CC2D62A31804B00B3A786 /* TeamCraft */,
			);
		};
/* End PBXProject section */

/* Begin PBXResourcesBuildPhase section */
		916CC2D52A31804B00B3A786 /* Resources */ = {
			isa = PBXResourcesBuildPhase;
			buildActionMask = 2147483647;
			files = (
				916CC2E22A31804C00B3A786 /* Preview Assets.xcassets in Resources */,
				916CC2DF2A31804C00B3A786 /* Assets.xcassets in Resources */,
				919007A12A318B22002CD7B8 /* GoogleService-Info.plist in Resources */,
			);
			runOnlyForDeploymentPostprocessing = 0;
		};
/* End PBXResourcesBuildPhase section */

/* Begin PBXShellScriptBuildPhase section */
		66BD0AF227CC8BCBD1091BC0 /* [CP] Embed Pods Frameworks */ = {
			isa = PBXShellScriptBuildPhase;
			buildActionMask = 2147483647;
			files = (
			);
			inputFileListPaths = (
				"${PODS_ROOT}/Target Support Files/Pods-TeamCraft/Pods-TeamCraft-frameworks-${CONFIGURATION}-input-files.xcfilelist",
			);
			name = "[CP] Embed Pods Frameworks";
			outputFileListPaths = (
				"${PODS_ROOT}/Target Support Files/Pods-TeamCraft/Pods-TeamCraft-frameworks-${CONFIGURATION}-output-files.xcfilelist",
			);
			runOnlyForDeploymentPostprocessing = 0;
			shellPath = /bin/sh;
			shellScript = "\"${PODS_ROOT}/Target Support Files/Pods-TeamCraft/Pods-TeamCraft-frameworks.sh\"\n";
			showEnvVarsInLog = 0;
		};
		9F848B8DA7AF3614E9D45409 /* [CP] Check Pods Manifest.lock */ = {
			isa = PBXShellScriptBuildPhase;
			buildActionMask = 2147483647;
			files = (
			);
			inputFileListPaths = (
			);
			inputPaths = (
				"${PODS_PODFILE_DIR_PATH}/Podfile.lock",
				"${PODS_ROOT}/Manifest.lock",
			);
			name = "[CP] Check Pods Manifest.lock";
			outputFileListPaths = (
			);
			outputPaths = (
				"$(DERIVED_FILE_DIR)/Pods-TeamCraft-checkManifestLockResult.txt",
			);
			runOnlyForDeploymentPostprocessing = 0;
			shellPath = /bin/sh;
			shellScript = "diff \"${PODS_PODFILE_DIR_PATH}/Podfile.lock\" \"${PODS_ROOT}/Manifest.lock\" > /dev/null\nif [ $? != 0 ] ; then\n    # print error to STDERR\n    echo \"error: The sandbox is not in sync with the Podfile.lock. Run 'pod install' or update your CocoaPods installation.\" >&2\n    exit 1\nfi\n# This output is used by Xcode 'outputs' to avoid re-running this script phase.\necho \"SUCCESS\" > \"${SCRIPT_OUTPUT_FILE_0}\"\n";
			showEnvVarsInLog = 0;
		};
/* End PBXShellScriptBuildPhase section */

/* Begin PBXSourcesBuildPhase section */
		916CC2D32A31804B00B3A786 /* Sources */ = {
			isa = PBXSourcesBuildPhase;
			buildActionMask = 2147483647;
			files = (
				91F038EE2A412FEC00A3B7F6 /* EmailVerificationViewModel.swift in Sources */,
				919007AE2A32002C002CD7B8 /* EmailVerificationFinishView.swift in Sources */,
				91F039112A41598100A3B7F6 /* ImageManager.swift in Sources */,
				91F0392D2A42E1B400A3B7F6 /* TopBar_ChatView.swift in Sources */,
				91F038F82A4131D600A3B7F6 /* SearchField.swift in Sources */,
				919007A52A31AC5D002CD7B8 /* EmailVerificationView.swift in Sources */,
				91F0392B2A42DD8900A3B7F6 /* RegisterByEmailView.swift in Sources */,
				919007D52A396F34002CD7B8 /* TeamTag.swift in Sources */,
				9169E5A42A4A87D400270814 /* AuthenticationViewModel.swift in Sources */,
				91F038E72A412A9F00A3B7F6 /* LoginByEmailViewModel.swift in Sources */,
				919007B12A33F430002CD7B8 /* HomeView.swift in Sources */,
				91F038EA2A412C9300A3B7F6 /* RegisterSettingViewModel.swift in Sources */,
				919007B72A33F503002CD7B8 /* FindView.swift in Sources */,
				919007C52A345C72002CD7B8 /* CreateTeamView.swift in Sources */,
				9166AAC52A3DBBC000895164 /* TeamInformationUI.swift in Sources */,
				91F039052A41340400A3B7F6 /* NumJoinedTeamText.swift in Sources */,
				919007C92A345FCA002CD7B8 /* ImagePicker.swift in Sources */,
				919007A82A31FC58002CD7B8 /* ContentView.swift in Sources */,
				91F0391F2A418B7200A3B7F6 /* PrepareDurationPicker.swift in Sources */,
				919007BF2A3414D3002CD7B8 /* ChatView.swift in Sources */,
				91F039092A41352F00A3B7F6 /* LogOutButton.swift in Sources */,
				91F038F22A4130E400A3B7F6 /* RegisterUserNameViewModel.swift in Sources */,
				91F039212A41A06A00A3B7F6 /* TeamCommunication.swift in Sources */,
				919007D12A396EB7002CD7B8 /* User.swift in Sources */,
				9169E59E2A4828AF00270814 /* UserSymbols.swift in Sources */,
				919007C72A345D49002CD7B8 /* SelectTagView.swift in Sources */,
				91F039382A45B58D00A3B7F6 /* RegisterUserNameButton.swift in Sources */,
				91F0390D2A4135D000A3B7F6 /* AccountInformationView.swift in Sources */,
				91F039192A416F1F00A3B7F6 /* SelectHeadlineImage.swift in Sources */,
				91F039032A41339E00A3B7F6 /* NumJoinTeamText.swift in Sources */,
				91F039332A43247000A3B7F6 /* ProfileUI.swift in Sources */,
				91F039152A416E3600A3B7F6 /* SelectTagRow.swift in Sources */,
				91F039272A42DD3800A3B7F6 /* RegisterUserNameView.swift in Sources */,
				9166AAD82A3FF92D00895164 /* RegisterLoginView.swift in Sources */,
				91F038F52A4131A400A3B7F6 /* FindViewModel.swift in Sources */,
				91F038FF2A41326400A3B7F6 /* TopBar_MyAccount.swift in Sources */,
				91F038FD2A41324100A3B7F6 /* TopBar_MailView.swift in Sources */,
				9166AAD12A3FCE1A00895164 /* RegisterSettingView.swift in Sources */,
				91F039172A416EAA00A3B7F6 /* DescriptionTextField.swift in Sources */,
				919007CC2A346A39002CD7B8 /* DefaultTeamView.swift in Sources */,
				9166AAC82A3EEC1A00895164 /* UserIcon.swift in Sources */,
				9166AAD52A3FF76A00895164 /* PasswordField.swift in Sources */,
				91F0390B2A41358D00A3B7F6 /* UserSymbolsView.swift in Sources */,
				91F039232A41A53300A3B7F6 /* MessagesView.swift in Sources */,
				919007AC2A31FE53002CD7B8 /* RegisterFinishView.swift in Sources */,
				91F039012A41332E00A3B7F6 /* SelfIntroductionTextField.swift in Sources */,
				91F038E42A412A1C00A3B7F6 /* RegisterByEmailViewModel.swift in Sources */,
				919007C12A34185A002CD7B8 /* ChatViewModel.swift in Sources */,
				916CC2DD2A31804B00B3A786 /* RegisterView.swift in Sources */,
				91F039292A42DD6A00A3B7F6 /* LoginByEmailView.swift in Sources */,
				91F039072A4134A200A3B7F6 /* EmailInfoText.swift in Sources */,
				91F038FA2A4131F700A3B7F6 /* TopBar_FindView.swift in Sources */,
				919007BD2A33F522002CD7B8 /* MyAccountView.swift in Sources */,
				916CC2DB2A31804B00B3A786 /* TeamCraftApp.swift in Sources */,
				9169E5BD2A4AB08B00270814 /* TopBar_DefaultTeamView.swift in Sources */,
				91F039362A45B4DC00A3B7F6 /* RegisterUserIconButton.swift in Sources */,
				91F0391D2A41832000A3B7F6 /* TeamRolesRow.swift in Sources */,
				9166AACE2A3FCC4800895164 /* LoginView.swift in Sources */,
				919007D32A396ED7002CD7B8 /* TeamInformation.swift in Sources */,
				9166AACA2A3EEC2700895164 /* TextFieldTextures.swift in Sources */,
				9169E5AB2A4A8AA900270814 /* CreateTeamViewModel.swift in Sources */,
				91F039132A416D6F00A3B7F6 /* CreateTitleTextField.swift in Sources */,
				91F039312A42F3C600A3B7F6 /* teamInformationUI_TeamSetting.swift in Sources */,
				91F0391B2A4172B500A3B7F6 /* CreateTeamButton.swift in Sources */,
				91F0392F2A42E1D700A3B7F6 /* TeamSettingView.swift in Sources */,
				9169E5A12A4A84DE00270814 /* AuthenticationView.swift in Sources */,
				919007CE2A374961002CD7B8 /* JoinPopupView.swift in Sources */,
				919007BB2A33F518002CD7B8 /* MailView.swift in Sources */,
				919007B92A33F50F002CD7B8 /* TeamView.swift in Sources */,
			);
			runOnlyForDeploymentPostprocessing = 0;
		};
/* End PBXSourcesBuildPhase section */

/* Begin XCBuildConfiguration section */
		916CC2E32A31804C00B3A786 /* Debug */ = {
			isa = XCBuildConfiguration;
			buildSettings = {
				ALWAYS_SEARCH_USER_PATHS = NO;
				CLANG_ANALYZER_NONNULL = YES;
				CLANG_ANALYZER_NUMBER_OBJECT_CONVERSION = YES_AGGRESSIVE;
				CLANG_CXX_LANGUAGE_STANDARD = "gnu++20";
				CLANG_ENABLE_MODULES = YES;
				CLANG_ENABLE_OBJC_ARC = YES;
				CLANG_ENABLE_OBJC_WEAK = YES;
				CLANG_WARN_BLOCK_CAPTURE_AUTORELEASING = YES;
				CLANG_WARN_BOOL_CONVERSION = YES;
				CLANG_WARN_COMMA = YES;
				CLANG_WARN_CONSTANT_CONVERSION = YES;
				CLANG_WARN_DEPRECATED_OBJC_IMPLEMENTATIONS = YES;
				CLANG_WARN_DIRECT_OBJC_ISA_USAGE = YES_ERROR;
				CLANG_WARN_DOCUMENTATION_COMMENTS = YES;
				CLANG_WARN_EMPTY_BODY = YES;
				CLANG_WARN_ENUM_CONVERSION = YES;
				CLANG_WARN_INFINITE_RECURSION = YES;
				CLANG_WARN_INT_CONVERSION = YES;
				CLANG_WARN_NON_LITERAL_NULL_CONVERSION = YES;
				CLANG_WARN_OBJC_IMPLICIT_RETAIN_SELF = YES;
				CLANG_WARN_OBJC_LITERAL_CONVERSION = YES;
				CLANG_WARN_OBJC_ROOT_CLASS = YES_ERROR;
				CLANG_WARN_QUOTED_INCLUDE_IN_FRAMEWORK_HEADER = YES;
				CLANG_WARN_RANGE_LOOP_ANALYSIS = YES;
				CLANG_WARN_STRICT_PROTOTYPES = YES;
				CLANG_WARN_SUSPICIOUS_MOVE = YES;
				CLANG_WARN_UNGUARDED_AVAILABILITY = YES_AGGRESSIVE;
				CLANG_WARN_UNREACHABLE_CODE = YES;
				CLANG_WARN__DUPLICATE_METHOD_MATCH = YES;
				COPY_PHASE_STRIP = NO;
				DEBUG_INFORMATION_FORMAT = dwarf;
				ENABLE_STRICT_OBJC_MSGSEND = YES;
				ENABLE_TESTABILITY = YES;
				GCC_C_LANGUAGE_STANDARD = gnu11;
				GCC_DYNAMIC_NO_PIC = NO;
				GCC_NO_COMMON_BLOCKS = YES;
				GCC_OPTIMIZATION_LEVEL = 0;
				GCC_PREPROCESSOR_DEFINITIONS = (
					"DEBUG=1",
					"$(inherited)",
				);
				GCC_WARN_64_TO_32_BIT_CONVERSION = YES;
				GCC_WARN_ABOUT_RETURN_TYPE = YES_ERROR;
				GCC_WARN_UNDECLARED_SELECTOR = YES;
				GCC_WARN_UNINITIALIZED_AUTOS = YES_AGGRESSIVE;
				GCC_WARN_UNUSED_FUNCTION = YES;
				GCC_WARN_UNUSED_VARIABLE = YES;
				IPHONEOS_DEPLOYMENT_TARGET = 16.4;
				MTL_ENABLE_DEBUG_INFO = INCLUDE_SOURCE;
				MTL_FAST_MATH = YES;
				ONLY_ACTIVE_ARCH = YES;
				SDKROOT = iphoneos;
				SWIFT_ACTIVE_COMPILATION_CONDITIONS = DEBUG;
				SWIFT_OPTIMIZATION_LEVEL = "-Onone";
			};
			name = Debug;
		};
		916CC2E42A31804C00B3A786 /* Release */ = {
			isa = XCBuildConfiguration;
			buildSettings = {
				ALWAYS_SEARCH_USER_PATHS = NO;
				CLANG_ANALYZER_NONNULL = YES;
				CLANG_ANALYZER_NUMBER_OBJECT_CONVERSION = YES_AGGRESSIVE;
				CLANG_CXX_LANGUAGE_STANDARD = "gnu++20";
				CLANG_ENABLE_MODULES = YES;
				CLANG_ENABLE_OBJC_ARC = YES;
				CLANG_ENABLE_OBJC_WEAK = YES;
				CLANG_WARN_BLOCK_CAPTURE_AUTORELEASING = YES;
				CLANG_WARN_BOOL_CONVERSION = YES;
				CLANG_WARN_COMMA = YES;
				CLANG_WARN_CONSTANT_CONVERSION = YES;
				CLANG_WARN_DEPRECATED_OBJC_IMPLEMENTATIONS = YES;
				CLANG_WARN_DIRECT_OBJC_ISA_USAGE = YES_ERROR;
				CLANG_WARN_DOCUMENTATION_COMMENTS = YES;
				CLANG_WARN_EMPTY_BODY = YES;
				CLANG_WARN_ENUM_CONVERSION = YES;
				CLANG_WARN_INFINITE_RECURSION = YES;
				CLANG_WARN_INT_CONVERSION = YES;
				CLANG_WARN_NON_LITERAL_NULL_CONVERSION = YES;
				CLANG_WARN_OBJC_IMPLICIT_RETAIN_SELF = YES;
				CLANG_WARN_OBJC_LITERAL_CONVERSION = YES;
				CLANG_WARN_OBJC_ROOT_CLASS = YES_ERROR;
				CLANG_WARN_QUOTED_INCLUDE_IN_FRAMEWORK_HEADER = YES;
				CLANG_WARN_RANGE_LOOP_ANALYSIS = YES;
				CLANG_WARN_STRICT_PROTOTYPES = YES;
				CLANG_WARN_SUSPICIOUS_MOVE = YES;
				CLANG_WARN_UNGUARDED_AVAILABILITY = YES_AGGRESSIVE;
				CLANG_WARN_UNREACHABLE_CODE = YES;
				CLANG_WARN__DUPLICATE_METHOD_MATCH = YES;
				COPY_PHASE_STRIP = NO;
				DEBUG_INFORMATION_FORMAT = "dwarf-with-dsym";
				ENABLE_NS_ASSERTIONS = NO;
				ENABLE_STRICT_OBJC_MSGSEND = YES;
				GCC_C_LANGUAGE_STANDARD = gnu11;
				GCC_NO_COMMON_BLOCKS = YES;
				GCC_WARN_64_TO_32_BIT_CONVERSION = YES;
				GCC_WARN_ABOUT_RETURN_TYPE = YES_ERROR;
				GCC_WARN_UNDECLARED_SELECTOR = YES;
				GCC_WARN_UNINITIALIZED_AUTOS = YES_AGGRESSIVE;
				GCC_WARN_UNUSED_FUNCTION = YES;
				GCC_WARN_UNUSED_VARIABLE = YES;
				IPHONEOS_DEPLOYMENT_TARGET = 16.4;
				MTL_ENABLE_DEBUG_INFO = NO;
				MTL_FAST_MATH = YES;
				SDKROOT = iphoneos;
				SWIFT_COMPILATION_MODE = wholemodule;
				SWIFT_OPTIMIZATION_LEVEL = "-O";
				VALIDATE_PRODUCT = YES;
			};
			name = Release;
		};
		916CC2E62A31804C00B3A786 /* Debug */ = {
			isa = XCBuildConfiguration;
			baseConfigurationReference = 6F8BA07EA3CD418A2204BAFF /* Pods-TeamCraft.debug.xcconfig */;
			buildSettings = {
				ASSETCATALOG_COMPILER_APPICON_NAME = AppIcon;
				ASSETCATALOG_COMPILER_GLOBAL_ACCENT_COLOR_NAME = AccentColor;
				CODE_SIGN_STYLE = Automatic;
				CURRENT_PROJECT_VERSION = 1;
				DEVELOPMENT_ASSET_PATHS = "\"TeamCraft/Preview Content\"";
				DEVELOPMENT_TEAM = X95VKDC284;
				ENABLE_PREVIEWS = YES;
				GENERATE_INFOPLIST_FILE = YES;
				INFOPLIST_KEY_UIApplicationSceneManifest_Generation = YES;
				INFOPLIST_KEY_UIApplicationSupportsIndirectInputEvents = YES;
				INFOPLIST_KEY_UILaunchScreen_Generation = YES;
				INFOPLIST_KEY_UISupportedInterfaceOrientations_iPad = "UIInterfaceOrientationPortrait UIInterfaceOrientationPortraitUpsideDown UIInterfaceOrientationLandscapeLeft UIInterfaceOrientationLandscapeRight";
				INFOPLIST_KEY_UISupportedInterfaceOrientations_iPhone = "UIInterfaceOrientationPortrait UIInterfaceOrientationLandscapeLeft UIInterfaceOrientationLandscapeRight";
				LD_RUNPATH_SEARCH_PATHS = (
					"$(inherited)",
					"@executable_path/Frameworks",
				);
				MARKETING_VERSION = 1.0;
				PRODUCT_BUNDLE_IDENTIFIER = Test.TeamCraft;
				PRODUCT_NAME = "$(TARGET_NAME)";
				SWIFT_EMIT_LOC_STRINGS = YES;
				SWIFT_VERSION = 5.0;
				TARGETED_DEVICE_FAMILY = "1,2";
			};
			name = Debug;
		};
		916CC2E72A31804C00B3A786 /* Release */ = {
			isa = XCBuildConfiguration;
			baseConfigurationReference = 0433CC7FF912674C8BB829F2 /* Pods-TeamCraft.release.xcconfig */;
			buildSettings = {
				ASSETCATALOG_COMPILER_APPICON_NAME = AppIcon;
				ASSETCATALOG_COMPILER_GLOBAL_ACCENT_COLOR_NAME = AccentColor;
				CODE_SIGN_STYLE = Automatic;
				CURRENT_PROJECT_VERSION = 1;
				DEVELOPMENT_ASSET_PATHS = "\"TeamCraft/Preview Content\"";
				DEVELOPMENT_TEAM = X95VKDC284;
				ENABLE_PREVIEWS = YES;
				GENERATE_INFOPLIST_FILE = YES;
				INFOPLIST_KEY_UIApplicationSceneManifest_Generation = YES;
				INFOPLIST_KEY_UIApplicationSupportsIndirectInputEvents = YES;
				INFOPLIST_KEY_UILaunchScreen_Generation = YES;
				INFOPLIST_KEY_UISupportedInterfaceOrientations_iPad = "UIInterfaceOrientationPortrait UIInterfaceOrientationPortraitUpsideDown UIInterfaceOrientationLandscapeLeft UIInterfaceOrientationLandscapeRight";
				INFOPLIST_KEY_UISupportedInterfaceOrientations_iPhone = "UIInterfaceOrientationPortrait UIInterfaceOrientationLandscapeLeft UIInterfaceOrientationLandscapeRight";
				LD_RUNPATH_SEARCH_PATHS = (
					"$(inherited)",
					"@executable_path/Frameworks",
				);
				MARKETING_VERSION = 1.0;
				PRODUCT_BUNDLE_IDENTIFIER = Test.TeamCraft;
				PRODUCT_NAME = "$(TARGET_NAME)";
				SWIFT_EMIT_LOC_STRINGS = YES;
				SWIFT_VERSION = 5.0;
				TARGETED_DEVICE_FAMILY = "1,2";
			};
			name = Release;
		};
/* End XCBuildConfiguration section */

/* Begin XCConfigurationList section */
		916CC2D22A31804B00B3A786 /* Build configuration list for PBXProject "TeamCraft" */ = {
			isa = XCConfigurationList;
			buildConfigurations = (
				916CC2E32A31804C00B3A786 /* Debug */,
				916CC2E42A31804C00B3A786 /* Release */,
			);
			defaultConfigurationIsVisible = 0;
			defaultConfigurationName = Release;
		};
		916CC2E52A31804C00B3A786 /* Build configuration list for PBXNativeTarget "TeamCraft" */ = {
			isa = XCConfigurationList;
			buildConfigurations = (
				916CC2E62A31804C00B3A786 /* Debug */,
				916CC2E72A31804C00B3A786 /* Release */,
			);
			defaultConfigurationIsVisible = 0;
			defaultConfigurationName = Release;
		};
/* End XCConfigurationList section */
	};
	rootObject = 916CC2CF2A31804B00B3A786 /* Project object */;
}
